
Microsoft Visual Studio Solution File, Format Version 12.00
# Visual Studio Version 17
VisualStudioVersion = 17.13.35828.75
MinimumVisualStudioVersion = 10.0.40219.1
Project("{FAE04EC0-301F-11D3-BF4B-00C04F79EFBC}") = "Project1", "Project1.csproj", "{A30DCB7E-A0BC-40E5-A593-27796F87F037}"
EndProject
Project("{FAE04EC0-301F-11D3-BF4B-00C04F79EFBC}") = "202509041507_Start", "..\202509041507_Start\202509041507_Start.csproj", "{56A65704-7F54-4964-847F-F0B25B7DF276}"
EndProject
Project("{FAE04EC0-301F-11D3-BF4B-00C04F79EFBC}") = "202509041521_DataType", "..\202509041521_DataType\202509041521_DataType.csproj", "{33429F9D-C517-4F21-B3AE-F4213799931A}"
EndProject
Project("{FAE04EC0-301F-11D3-BF4B-00C04F79EFBC}") = "202509041554_Variable", "..\202509041554_Variable\202509041554_Variable.csproj", "{668120DD-2C92-4678-B9CF-12CBA8EAA774}"
EndProject
Project("{FAE04EC0-301F-11D3-BF4B-00C04F79EFBC}") = "202509041607_Operator", "..\202509041607_Operator\202509041607_Operator.csproj", "{02B5115F-F2B5-4A2F-8802-04E916562D62}"
EndProject
Project("{FAE04EC0-301F-11D3-BF4B-00C04F79EFBC}") = "202509041623_Operator2", "..\202509041623_Operator2\202509041623_Operator2.csproj", "{40202797-3750-4339-B8B8-2F73A68C623E}"
EndProject
Project("{FAE04EC0-301F-11D3-BF4B-00C04F79EFBC}") = "202509041649_Operator3", "..\202509041649_Operator3\202509041649_Operator3.csproj", "{1385B8AB-6824-4E96-9CAA-D96BD913CEF5}"
EndProject
Project("{FAE04EC0-301F-11D3-BF4B-00C04F79EFBC}") = "202509041701_Operator4", "..\202509041701_Operator4\202509041701_Operator4.csproj", "{B9EE2EB6-A725-4176-BF55-629B02865815}"
EndProject
Project("{FAE04EC0-301F-11D3-BF4B-00C04F79EFBC}") = "202509041709_Operator5", "..\202509041709_Operator5\202509041709_Operator5.csproj", "{0FEE8934-B2BB-47F7-9F59-40A75DA9F479}"
EndProject
Project("{FAE04EC0-301F-11D3-BF4B-00C04F79EFBC}") = "202509041719_Operator6", "..\202509041719_Operator6\202509041719_Operator6.csproj", "{C65BC536-077D-42CE-9699-257AE8FECF65}"
EndProject
Project("{FAE04EC0-301F-11D3-BF4B-00C04F79EFBC}") = "202509051441", "..\202509051441\202509051441.csproj", "{66C76A2E-92F5-496D-8222-600C491BFA04}"
EndProject
Project("{FAE04EC0-301F-11D3-BF4B-00C04F79EFBC}") = "202509051456_Operator7", "..\202509051456_Operator7\202509051456_Operator7.csproj", "{C5EDCCAC-E6FF-4137-A249-F1FBA47540B5}"
EndProject
Project("{FAE04EC0-301F-11D3-BF4B-00C04F79EFBC}") = "202509051506_Operator_Bit_Complement", "..\202509051506_Operator_Bit_Complement\202509051506_Operator_Bit_Complement.csproj", "{23FE903E-E924-4D78-8660-2B7C990DE222}"
EndProject
Project("{FAE04EC0-301F-11D3-BF4B-00C04F79EFBC}") = "202509051520_Operator_Shift", "..\202509051520_Operator_Shift\202509051520_Operator_Shift.csproj", "{7BD7203B-2CD8-4FD6-ADF1-BDB7F807CC05}"
EndProject
Project("{FAE04EC0-301F-11D3-BF4B-00C04F79EFBC}") = "202509051533_Operator_mask", "..\202509051533_Operator_mask\202509051533_Operator_mask.csproj", "{29AF60A3-4FD0-4BF1-ACC2-242AFC8F77BB}"
EndProject
Project("{FAE04EC0-301F-11D3-BF4B-00C04F79EFBC}") = "202509051544_Operator_light", "..\202509051544_Operator_light\202509051544_Operator_light.csproj", "{21499B8D-AD5F-460E-A01D-1371623425F1}"
EndProject
Project("{FAE04EC0-301F-11D3-BF4B-00C04F79EFBC}") = "202509051600_Operator_Xor", "..\202509051600_Operator_Xor\202509051600_Operator_Xor.csproj", "{F498E69B-5482-4215-A15F-89956FA31E05}"
EndProject
Project("{FAE04EC0-301F-11D3-BF4B-00C04F79EFBC}") = "202509051625_StringNumber", "..\202509051625_StringNumber\202509051625_StringNumber.csproj", "{A49C4D16-375F-4394-A0C5-AF2896C57082}"
EndProject
Project("{FAE04EC0-301F-11D3-BF4B-00C04F79EFBC}") = "202509051635_Signed_unsigned", "..\202509051635_Signed_unsigned\202509051635_Signed_unsigned.csproj", "{38507435-06A7-4CF8-81F5-33828395E768}"
EndProject
Project("{FAE04EC0-301F-11D3-BF4B-00C04F79EFBC}") = "202509051702_ConditionalStatement", "..\202509051702_ConditionalStatement\202509051702_ConditionalStatement.csproj", "{8120112D-826A-4A1E-9F0E-9CF4F2B9DCE5}"
EndProject
Project("{FAE04EC0-301F-11D3-BF4B-00C04F79EFBC}") = "202509051710_Conditional_Statement2", "..\202509051710_Conditional_Statement2\202509051710_Conditional_Statement2.csproj", "{32C05E83-D10B-4125-8DC0-C1C9A4A8FCDF}"
EndProject
Project("{FAE04EC0-301F-11D3-BF4B-00C04F79EFBC}") = "202509081437_Switch_Case", "..\202509081437_Switch_Case\202509081437_Switch_Case.csproj", "{DD7E536A-ABE9-4E97-91BE-54433088C920}"
EndProject
Project("{FAE04EC0-301F-11D3-BF4B-00C04F79EFBC}") = "202509081454_Switch_Case_String", "..\202509081454_Switch_Case_String\202509081454_Switch_Case_String.csproj", "{452E226C-54DC-439A-AC58-9D952E606B44}"
EndProject
Project("{FAE04EC0-301F-11D3-BF4B-00C04F79EFBC}") = "202509081508_Switch_Expression", "..\202509081508_Switch_Expression\202509081508_Switch_Expression.csproj", "{0CA5F74D-FE6D-49F1-9ACB-33C88D92413F}"
EndProject
Project("{FAE04EC0-301F-11D3-BF4B-00C04F79EFBC}") = "202509081527_Switch_Case_DataType", "..\202509081527_Switch_Case_DataType\202509081527_Switch_Case_DataType.csproj", "{A4DFA8E9-C800-4CE5-928C-02AF4105B2E2}"
EndProject
Project("{FAE04EC0-301F-11D3-BF4B-00C04F79EFBC}") = "202509081545_Switch_Case_DataType2", "..\202509081545_Switch_Case_DataType2\202509081545_Switch_Case_DataType2.csproj", "{8C09A96C-31BB-4E81-B77D-16112B54EAF9}"
EndProject
Project("{FAE04EC0-301F-11D3-BF4B-00C04F79EFBC}") = "202509081550_goto", "..\202509081550_goto\202509081550_goto.csproj", "{6089284D-043B-4FCF-94DF-189A6ADD6D36}"
EndProject
Project("{FAE04EC0-301F-11D3-BF4B-00C04F79EFBC}") = "202509081606_for_while", "..\202509081606_for_while\202509081606_for_while.csproj", "{7F8DF632-490D-4133-99EC-FB5D21F0A06A}"
EndProject
Project("{FAE04EC0-301F-11D3-BF4B-00C04F79EFBC}") = "202509081614_Iterative_statement_goto", "..\202509081614_Iterative_statement_goto\202509081614_Iterative_statement_goto.csproj", "{66070C61-3AE1-4CD4-B3D7-9B4E2D753903}"
EndProject
Project("{FAE04EC0-301F-11D3-BF4B-00C04F79EFBC}") = "202509081640_LowHighGame", "..\202509081640_LowHighGame\202509081640_LowHighGame.csproj", "{DCFC5E0F-B7C6-4CC6-8B06-BE480B1A1C4A}"
EndProject
Project("{FAE04EC0-301F-11D3-BF4B-00C04F79EFBC}") = "202509081658_Array", "..\202509081658_Array\202509081658_Array.csproj", "{0B1148EE-81CF-478D-AFD5-71BD2BB6107B}"
EndProject
Project("{FAE04EC0-301F-11D3-BF4B-00C04F79EFBC}") = "202509081721_enCapsulation", "..\202509081721_enCapsulation\202509081721_enCapsulation.csproj", "{48478CFC-CE6A-4396-84A8-EE0183EEA945}"
EndProject
Project("{FAE04EC0-301F-11D3-BF4B-00C04F79EFBC}") = "202509091521_Property", "..\202509091521_Property\202509091521_Property.csproj", "{4C0616EB-8AA9-4A10-91C9-259619035F68}"
EndProject
Project("{FAE04EC0-301F-11D3-BF4B-00C04F79EFBC}") = "202509091717_Overloading", "..\202509091717_Overloading\202509091717_Overloading.csproj", "{982EC08C-150E-4A64-8145-498DB741EA1B}"
EndProject
Project("{FAE04EC0-301F-11D3-BF4B-00C04F79EFBC}") = "202509091701_LocalFunction", "..\202509091701_LocalFunction\202509091701_LocalFunction.csproj", "{76DC6057-6F3C-4C62-A70F-E21760E94FA1}"
EndProject
Project("{FAE04EC0-301F-11D3-BF4B-00C04F79EFBC}") = "202509091650_UsingParam", "..\202509091650_UsingParam\202509091650_UsingParam.csproj", "{6A5CD001-771E-4105-ADAB-4E89683CE1D1}"
EndProject
Project("{FAE04EC0-301F-11D3-BF4B-00C04F79EFBC}") = "202509091644_OptionalParam", "..\202509091644_OptionalParam\202509091644_OptionalParam.csproj", "{47734BCE-3727-48AC-969C-BDDD155FC123}"
EndProject
Project("{FAE04EC0-301F-11D3-BF4B-00C04F79EFBC}") = "202509091621_NamedParam", "..\202509091621_NamedParam\202509091621_NamedParam.csproj", "{5F24CF48-10BE-41E6-9D6F-12649AF8F197}"
EndProject
Project("{FAE04EC0-301F-11D3-BF4B-00C04F79EFBC}") = "202509091612_Method", "..\202509091612_Method\202509091612_Method.csproj", "{7AC226EE-CF75-4A7F-8DDF-7EC97525B9AF}"
EndProject
Project("{FAE04EC0-301F-11D3-BF4B-00C04F79EFBC}") = "202509101434_Class_Exer", "..\202509101434_Class_Exer\202509101434_Class_Exer.csproj", "{B9188F20-2B3D-4B56-A61C-0A199BF5AAF6}"
EndProject
Project("{FAE04EC0-301F-11D3-BF4B-00C04F79EFBC}") = "202509101551_this_Constructor", "..\202509101551_this_Constructor\202509101551_this_Constructor.csproj", "{8EB4B024-BE08-495D-95E0-896096C5DBB0}"
EndProject
Project("{FAE04EC0-301F-11D3-BF4B-00C04F79EFBC}") = "202509101618_DeConstructor", "..\202509101618_DeConstructor\202509101618_DeConstructor.csproj", "{DB701002-48B3-4816-8CE9-F40B783D68F4}"
EndProject
Project("{FAE04EC0-301F-11D3-BF4B-00C04F79EFBC}") = "202509101647_CopyConstructor", "..\202509101647_CopyConstructor\202509101647_CopyConstructor.csproj", "{6BC87515-688A-470C-9A0B-AB4573713A31}"
EndProject
Project("{FAE04EC0-301F-11D3-BF4B-00C04F79EFBC}") = "202509101713_StaticMember", "..\202509101713_StaticMember\202509101713_StaticMember.csproj", "{0E9056EF-86A8-4F6A-8AA3-A7D81523C08F}"
EndProject
Project("{FAE04EC0-301F-11D3-BF4B-00C04F79EFBC}") = "202509111502_GlobalData", "..\202509111502_GlobalData\202509111502_GlobalData.csproj", "{153DEBD7-FE0B-4E76-A252-A08119A5882A}"
EndProject
Project("{FAE04EC0-301F-11D3-BF4B-00C04F79EFBC}") = "202509111521_StaticMember", "..\202509111521_StaticMember\202509111521_StaticMember.csproj", "{08CEA00C-CC68-46E5-A81B-A451CF0CD89C}"
EndProject
Project("{FAE04EC0-301F-11D3-BF4B-00C04F79EFBC}") = "202509111535_StaticMember_Singleton", "..\202509111535_StaticMember_Singleton\202509111535_StaticMember_Singleton.csproj", "{FECD9D74-9F92-41C9-84BB-3C9840254CF3}"
EndProject
Project("{FAE04EC0-301F-11D3-BF4B-00C04F79EFBC}") = "202509111554_ref_out", "..\202509111554_ref_out\202509111554_ref_out.csproj", "{E30ED733-2814-4648-9F76-62E92DBEFC95}"
EndProject
Project("{FAE04EC0-301F-11D3-BF4B-00C04F79EFBC}") = "202509111604_CallBy", "..\202509111604_CallBy\202509111604_CallBy.csproj", "{B467B7D2-A217-4657-9722-97E6EA07D46B}"
EndProject
Project("{FAE04EC0-301F-11D3-BF4B-00C04F79EFBC}") = "202509111625_CallByReference", "..\202509111625_CallByReference\202509111625_CallByReference.csproj", "{711A95D7-A472-487E-BB57-B82EAF8138EE}"
EndProject
Project("{FAE04EC0-301F-11D3-BF4B-00C04F79EFBC}") = "202509111700_inheritance", "..\202509111700_inheritance\202509111700_inheritance.csproj", "{B228FAFB-AC2F-4D80-B9B4-C1C6D3CA36B6}"
EndProject
Project("{FAE04EC0-301F-11D3-BF4B-00C04F79EFBC}") = "202509121603_Inheritance_Specialization", "..\202509121603_Inheritance_Specialization\202509121603_Inheritance_Specialization.csproj", "{2803FE12-0AB5-46ED-8AD6-10FCC169E67D}"
EndProject
Project("{FAE04EC0-301F-11D3-BF4B-00C04F79EFBC}") = "202509091554_Property_Car_Class", "..\202509091554_Property_Car_Class\202509091554_Property_Car_Class.csproj", "{D78FF91A-8125-4338-8231-61D68EFB5DB4}"
EndProject
Project("{FAE04EC0-301F-11D3-BF4B-00C04F79EFBC}") = "202509151451_Method_Hiding", "..\202509151451_Method_Hiding\202509151451_Method_Hiding.csproj", "{CD341C72-07F5-4309-A1FC-F6767B924ED7}"
EndProject
Project("{FAE04EC0-301F-11D3-BF4B-00C04F79EFBC}") = "202509151510_MyExtention_Math", "..\202509151510_MyExtention_Math\202509151510_MyExtention_Math.csproj", "{678621F4-2A70-47C0-8DB3-BE2272534320}"
EndProject
Project("{FAE04EC0-301F-11D3-BF4B-00C04F79EFBC}") = "202509151528_Extension_Method", "..\202509151528_Extension_Method\202509151528_Extension_Method.csproj", "{207849C5-565D-48E4-BE99-FAB2B0193BC9}"
EndProject
Project("{FAE04EC0-301F-11D3-BF4B-00C04F79EFBC}") = "202509151540_Extension_Method", "..\202509151540_Extension_Method\202509151540_Extension_Method.csproj", "{44B7649B-8338-4E2B-A94F-4F7BA6BACFF6}"
EndProject
Project("{FAE04EC0-301F-11D3-BF4B-00C04F79EFBC}") = "202509151605_object_class", "..\202509151605_object_class\202509151605_object_class.csproj", "{E8D163D8-88D3-4119-9651-D839B5392ECA}"
EndProject
Project("{FAE04EC0-301F-11D3-BF4B-00C04F79EFBC}") = "202509151701_UpCasting", "..\202509151701_UpCasting\202509151701_UpCasting.csproj", "{22E0A44C-C0B1-4E86-8431-6D50C75A82EB}"
EndProject
Project("{FAE04EC0-301F-11D3-BF4B-00C04F79EFBC}") = "202509151720_BoxingUnBoxing", "..\202509151720_BoxingUnBoxing\202509151720_BoxingUnBoxing.csproj", "{BEC5CC8C-0D33-4552-B084-B21EBF78BBFD}"
EndProject
Project("{FAE04EC0-301F-11D3-BF4B-00C04F79EFBC}") = "202509161512_ShallowCopy", "..\202509161512_ShallowCopy\202509161512_ShallowCopy.csproj", "{96586AA1-94A9-470C-A64F-989A8C53D5AE}"
EndProject
Project("{FAE04EC0-301F-11D3-BF4B-00C04F79EFBC}") = "202509161531_DeepCopy", "..\202509161531_DeepCopy\202509161531_DeepCopy.csproj", "{E63A2FF5-7E01-4C72-BB8E-26001F8C9DCB}"
EndProject
Project("{FAE04EC0-301F-11D3-BF4B-00C04F79EFBC}") = "202509161635_Partial_Class", "..\202509161635_Partial_Class\202509161635_Partial_Class.csproj", "{509A7485-0407-44AB-97AF-A8DE52E99E89}"
EndProject
Project("{FAE04EC0-301F-11D3-BF4B-00C04F79EFBC}") = "202509161652_Inheritance_Exer", "..\202509161652_Inheritance_Exer\202509161652_Inheritance_Exer.csproj", "{6FB5DBD5-FA3D-4A03-B4C4-DA5D63B3E943}"
EndProject
Project("{FAE04EC0-301F-11D3-BF4B-00C04F79EFBC}") = "202509171452_Interface", "..\202509171452_Interface\202509171452_Interface.csproj", "{259CBE43-EB95-4C2A-B261-CF9F28AB6002}"
EndProject
Project("{FAE04EC0-301F-11D3-BF4B-00C04F79EFBC}") = "202509171508_MultiInterface", "..\202509171508_MultiInterface\202509171508_MultiInterface.csproj", "{FC8A3943-0EF9-47D2-9EAA-D82FA5D4DA35}"
EndProject
Project("{FAE04EC0-301F-11D3-BF4B-00C04F79EFBC}") = "202509171536_Indexer", "..\202509171536_Indexer\202509171536_Indexer.csproj", "{C469EC57-8319-4EC3-A9ED-AF174530CDD2}"
EndProject
Project("{FAE04EC0-301F-11D3-BF4B-00C04F79EFBC}") = "202509171613_Indexer_Game_Ex", "..\202509171613_Indexer_Game_Ex\202509171613_Indexer_Game_Ex.csproj", "{9315A029-4877-4484-876A-2ECD82A7F6D3}"
EndProject
Project("{FAE04EC0-301F-11D3-BF4B-00C04F79EFBC}") = "202509171655_Tuple", "..\202509171655_Tuple\202509171655_Tuple.csproj", "{5F7BFD10-C6D7-48BA-812D-0D7E66588D84}"
EndProject
Project("{FAE04EC0-301F-11D3-BF4B-00C04F79EFBC}") = "202509171715_Composition", "..\202509171715_Composition\202509171715_Composition.csproj", "{8B4BC3D3-B33A-4D58-B4CA-D72BB7826628}"
EndProject
Project("{FAE04EC0-301F-11D3-BF4B-00C04F79EFBC}") = "202509181437_Composition_Shape_Exer", "..\202509181437_Composition_Shape_Exer\202509181437_Composition_Shape_Exer.csproj", "{2F174564-32D0-44BA-BA0E-9FEA8C68AA15}"
EndProject
Project("{FAE04EC0-301F-11D3-BF4B-00C04F79EFBC}") = "202509181650_Composition_Robot", "..\202509181650_Composition_Robot\202509181650_Composition_Robot.csproj", "{649B5109-9541-4E92-94FD-7075CB80BDE5}"
EndProject
Project("{FAE04EC0-301F-11D3-BF4B-00C04F79EFBC}") = "202509191450_Composition_Robot2", "..\202509191450_Composition_Robot2\202509191450_Composition_Robot2.csproj", "{83920036-1120-469D-8253-AFD44715989B}"
EndProject
Project("{FAE04EC0-301F-11D3-BF4B-00C04F79EFBC}") = "202509191515_Polymorphism_CoffeeShop", "..\202509191515_Polymorphism_CoffeeShop\202509191515_Polymorphism_CoffeeShop.csproj", "{AC2FD352-0C22-4A97-B6A0-F3EA0B6AB863}"
EndProject
Project("{FAE04EC0-301F-11D3-BF4B-00C04F79EFBC}") = "202509221440_VirtualFunction", "..\202509221440_VirtualFunction\202509221440_VirtualFunction.csproj", "{B84477DE-733D-4D75-AE54-BF5145D8E0C7}"
EndProject
Project("{FAE04EC0-301F-11D3-BF4B-00C04F79EFBC}") = "202509221549_Polymorphism_MonsterAttack", "..\202509221549_Polymorphism_MonsterAttack\202509221549_Polymorphism_MonsterAttack.csproj", "{6B397A29-FAB0-4D3E-BBBF-551F97648353}"
EndProject
Project("{FAE04EC0-301F-11D3-BF4B-00C04F79EFBC}") = "202509241500_OperatorOverloading", "..\202509241500_OperatorOverloading\202509241500_OperatorOverloading.csproj", "{953EBC9E-B0C3-412A-A04F-87FB1EE1C284}"
EndProject
Project("{FAE04EC0-301F-11D3-BF4B-00C04F79EFBC}") = "202509241520_Operator_Overloading2", "..\202509241520_Operator_Overloading2\202509241520_Operator_Overloading2.csproj", "{5D97A34E-26EA-48C0-8D9B-BCC555693127}"
EndProject
Project("{FAE04EC0-301F-11D3-BF4B-00C04F79EFBC}") = "202509241537_OperatorOverloading3", "..\202509241537_OperatorOverloading3\202509241537_OperatorOverloading3.csproj", "{F0166590-DD0F-499C-B1C4-1DC431ADB2D7}"
EndProject
Project("{FAE04EC0-301F-11D3-BF4B-00C04F79EFBC}") = "202509241606_OperatorOverloading_Exer", "..\202509241606_OperatorOverloading_Exer\202509241606_OperatorOverloading_Exer.csproj", "{6FD29C02-E5C9-4172-81FE-9A08F878ED95}"
EndProject
Project("{FAE04EC0-301F-11D3-BF4B-00C04F79EFBC}") = "202509251435_Nested_Class", "..\202509251435_Nested_Class\202509251435_Nested_Class.csproj", "{547A1877-43B1-48D2-A23D-359987A3308C}"
EndProject
Project("{FAE04EC0-301F-11D3-BF4B-00C04F79EFBC}") = "202509251502_Nested_Class2", "..\202509251502_Nested_Class2\202509251502_Nested_Class2.csproj", "{B9C1C722-FDAF-4C53-B25A-5DDCD9B942A0}"
EndProject
Project("{FAE04EC0-301F-11D3-BF4B-00C04F79EFBC}") = "202509251518_AnonymousType", "..\202509251518_AnonymousType\202509251518_AnonymousType.csproj", "{A64AC07C-0039-45D9-936E-EE427DE5EAE0}"
EndProject
Project("{FAE04EC0-301F-11D3-BF4B-00C04F79EFBC}") = "202509251541_GenericProgramming", "..\202509251541_GenericProgramming\202509251541_GenericProgramming.csproj", "{CB18149A-02AA-4488-9896-24EE29DDDA46}"
EndProject
Project("{FAE04EC0-301F-11D3-BF4B-00C04F79EFBC}") = "202509251607_GenericMethod_Exer", "..\202509251607_GenericMethod_Exer\202509251607_GenericMethod_Exer.csproj", "{24D4836D-EC37-4B0A-9245-CB46EC8041C9}"
EndProject
Project("{FAE04EC0-301F-11D3-BF4B-00C04F79EFBC}") = "202509251655_GenericProgramming", "..\202509251655_GenericProgramming\202509251655_GenericProgramming.csproj", "{586B20F6-0B62-4ADC-B595-BB547A9B718C}"
EndProject
Project("{FAE04EC0-301F-11D3-BF4B-00C04F79EFBC}") = "202509261437_Generic_Class_Exer", "..\202509261437_Generic_Class_Exer\202509261437_Generic_Class_Exer.csproj", "{655D5698-C37F-48E2-9EEB-AE294AA0C223}"
EndProject
Project("{FAE04EC0-301F-11D3-BF4B-00C04F79EFBC}") = "202509261544_CollectionArrayList", "..\202509261544_CollectionArrayList\202509261544_CollectionArrayList.csproj", "{4D99162C-BF9F-4437-B446-24F09DFF760A}"
EndProject
Project("{FAE04EC0-301F-11D3-BF4B-00C04F79EFBC}") = "202509261559_Collection_Stack", "..\202509261559_Collection_Stack\202509261559_Collection_Stack.csproj", "{8C273CE6-2DC9-4B07-A5EF-29845F575A31}"
EndProject
Project("{FAE04EC0-301F-11D3-BF4B-00C04F79EFBC}") = "202509261616_Collection_Queue", "..\202509261616_Collection_Queue\202509261616_Collection_Queue.csproj", "{44BE288B-4F2B-4341-874B-AAD91026AB0C}"
EndProject
Project("{FAE04EC0-301F-11D3-BF4B-00C04F79EFBC}") = "202509261625_Collection_Queue_Exer", "..\202509261625_Collection_Queue_Exer\202509261625_Collection_Queue_Exer.csproj", "{6AC1D074-1C36-4F24-8171-34242DEB8F23}"
EndProject
Project("{FAE04EC0-301F-11D3-BF4B-00C04F79EFBC}") = "202509261643_Collection_Stack_Exer", "..\202509261643_Collection_Stack_Exer\202509261643_Collection_Stack_Exer.csproj", "{210CF73C-73B6-465D-8D16-1C3F90B8C014}"
EndProject
Project("{FAE04EC0-301F-11D3-BF4B-00C04F79EFBC}") = "202509261719_Collections_HashTable", "..\202509261719_Collections_HashTable\202509261719_Collections_HashTable.csproj", "{0AB84ECE-49AF-45C0-8F50-88EA119A1D30}"
EndProject
Global
	GlobalSection(SolutionConfigurationPlatforms) = preSolution
		Debug|Any CPU = Debug|Any CPU
		Release|Any CPU = Release|Any CPU
	EndGlobalSection
	GlobalSection(ProjectConfigurationPlatforms) = postSolution
		{A30DCB7E-A0BC-40E5-A593-27796F87F037}.Debug|Any CPU.ActiveCfg = Debug|Any CPU
		{A30DCB7E-A0BC-40E5-A593-27796F87F037}.Debug|Any CPU.Build.0 = Debug|Any CPU
		{A30DCB7E-A0BC-40E5-A593-27796F87F037}.Release|Any CPU.ActiveCfg = Release|Any CPU
		{A30DCB7E-A0BC-40E5-A593-27796F87F037}.Release|Any CPU.Build.0 = Release|Any CPU
		{56A65704-7F54-4964-847F-F0B25B7DF276}.Debug|Any CPU.ActiveCfg = Debug|Any CPU
		{56A65704-7F54-4964-847F-F0B25B7DF276}.Debug|Any CPU.Build.0 = Debug|Any CPU
		{56A65704-7F54-4964-847F-F0B25B7DF276}.Release|Any CPU.ActiveCfg = Release|Any CPU
		{56A65704-7F54-4964-847F-F0B25B7DF276}.Release|Any CPU.Build.0 = Release|Any CPU
		{33429F9D-C517-4F21-B3AE-F4213799931A}.Debug|Any CPU.ActiveCfg = Debug|Any CPU
		{33429F9D-C517-4F21-B3AE-F4213799931A}.Debug|Any CPU.Build.0 = Debug|Any CPU
		{33429F9D-C517-4F21-B3AE-F4213799931A}.Release|Any CPU.ActiveCfg = Release|Any CPU
		{33429F9D-C517-4F21-B3AE-F4213799931A}.Release|Any CPU.Build.0 = Release|Any CPU
		{668120DD-2C92-4678-B9CF-12CBA8EAA774}.Debug|Any CPU.ActiveCfg = Debug|Any CPU
		{668120DD-2C92-4678-B9CF-12CBA8EAA774}.Debug|Any CPU.Build.0 = Debug|Any CPU
		{668120DD-2C92-4678-B9CF-12CBA8EAA774}.Release|Any CPU.ActiveCfg = Release|Any CPU
		{668120DD-2C92-4678-B9CF-12CBA8EAA774}.Release|Any CPU.Build.0 = Release|Any CPU
		{02B5115F-F2B5-4A2F-8802-04E916562D62}.Debug|Any CPU.ActiveCfg = Debug|Any CPU
		{02B5115F-F2B5-4A2F-8802-04E916562D62}.Debug|Any CPU.Build.0 = Debug|Any CPU
		{02B5115F-F2B5-4A2F-8802-04E916562D62}.Release|Any CPU.ActiveCfg = Release|Any CPU
		{02B5115F-F2B5-4A2F-8802-04E916562D62}.Release|Any CPU.Build.0 = Release|Any CPU
		{40202797-3750-4339-B8B8-2F73A68C623E}.Debug|Any CPU.ActiveCfg = Debug|Any CPU
		{40202797-3750-4339-B8B8-2F73A68C623E}.Debug|Any CPU.Build.0 = Debug|Any CPU
		{40202797-3750-4339-B8B8-2F73A68C623E}.Release|Any CPU.ActiveCfg = Release|Any CPU
		{40202797-3750-4339-B8B8-2F73A68C623E}.Release|Any CPU.Build.0 = Release|Any CPU
		{1385B8AB-6824-4E96-9CAA-D96BD913CEF5}.Debug|Any CPU.ActiveCfg = Debug|Any CPU
		{1385B8AB-6824-4E96-9CAA-D96BD913CEF5}.Debug|Any CPU.Build.0 = Debug|Any CPU
		{1385B8AB-6824-4E96-9CAA-D96BD913CEF5}.Release|Any CPU.ActiveCfg = Release|Any CPU
		{1385B8AB-6824-4E96-9CAA-D96BD913CEF5}.Release|Any CPU.Build.0 = Release|Any CPU
		{B9EE2EB6-A725-4176-BF55-629B02865815}.Debug|Any CPU.ActiveCfg = Debug|Any CPU
		{B9EE2EB6-A725-4176-BF55-629B02865815}.Debug|Any CPU.Build.0 = Debug|Any CPU
		{B9EE2EB6-A725-4176-BF55-629B02865815}.Release|Any CPU.ActiveCfg = Release|Any CPU
		{B9EE2EB6-A725-4176-BF55-629B02865815}.Release|Any CPU.Build.0 = Release|Any CPU
		{0FEE8934-B2BB-47F7-9F59-40A75DA9F479}.Debug|Any CPU.ActiveCfg = Debug|Any CPU
		{0FEE8934-B2BB-47F7-9F59-40A75DA9F479}.Debug|Any CPU.Build.0 = Debug|Any CPU
		{0FEE8934-B2BB-47F7-9F59-40A75DA9F479}.Release|Any CPU.ActiveCfg = Release|Any CPU
		{0FEE8934-B2BB-47F7-9F59-40A75DA9F479}.Release|Any CPU.Build.0 = Release|Any CPU
		{C65BC536-077D-42CE-9699-257AE8FECF65}.Debug|Any CPU.ActiveCfg = Debug|Any CPU
		{C65BC536-077D-42CE-9699-257AE8FECF65}.Debug|Any CPU.Build.0 = Debug|Any CPU
		{C65BC536-077D-42CE-9699-257AE8FECF65}.Release|Any CPU.ActiveCfg = Release|Any CPU
		{C65BC536-077D-42CE-9699-257AE8FECF65}.Release|Any CPU.Build.0 = Release|Any CPU
		{66C76A2E-92F5-496D-8222-600C491BFA04}.Debug|Any CPU.ActiveCfg = Debug|Any CPU
		{66C76A2E-92F5-496D-8222-600C491BFA04}.Debug|Any CPU.Build.0 = Debug|Any CPU
		{66C76A2E-92F5-496D-8222-600C491BFA04}.Release|Any CPU.ActiveCfg = Release|Any CPU
		{66C76A2E-92F5-496D-8222-600C491BFA04}.Release|Any CPU.Build.0 = Release|Any CPU
		{C5EDCCAC-E6FF-4137-A249-F1FBA47540B5}.Debug|Any CPU.ActiveCfg = Debug|Any CPU
		{C5EDCCAC-E6FF-4137-A249-F1FBA47540B5}.Debug|Any CPU.Build.0 = Debug|Any CPU
		{C5EDCCAC-E6FF-4137-A249-F1FBA47540B5}.Release|Any CPU.ActiveCfg = Release|Any CPU
		{C5EDCCAC-E6FF-4137-A249-F1FBA47540B5}.Release|Any CPU.Build.0 = Release|Any CPU
		{23FE903E-E924-4D78-8660-2B7C990DE222}.Debug|Any CPU.ActiveCfg = Debug|Any CPU
		{23FE903E-E924-4D78-8660-2B7C990DE222}.Debug|Any CPU.Build.0 = Debug|Any CPU
		{23FE903E-E924-4D78-8660-2B7C990DE222}.Release|Any CPU.ActiveCfg = Release|Any CPU
		{23FE903E-E924-4D78-8660-2B7C990DE222}.Release|Any CPU.Build.0 = Release|Any CPU
		{7BD7203B-2CD8-4FD6-ADF1-BDB7F807CC05}.Debug|Any CPU.ActiveCfg = Debug|Any CPU
		{7BD7203B-2CD8-4FD6-ADF1-BDB7F807CC05}.Debug|Any CPU.Build.0 = Debug|Any CPU
		{7BD7203B-2CD8-4FD6-ADF1-BDB7F807CC05}.Release|Any CPU.ActiveCfg = Release|Any CPU
		{7BD7203B-2CD8-4FD6-ADF1-BDB7F807CC05}.Release|Any CPU.Build.0 = Release|Any CPU
		{29AF60A3-4FD0-4BF1-ACC2-242AFC8F77BB}.Debug|Any CPU.ActiveCfg = Debug|Any CPU
		{29AF60A3-4FD0-4BF1-ACC2-242AFC8F77BB}.Debug|Any CPU.Build.0 = Debug|Any CPU
		{29AF60A3-4FD0-4BF1-ACC2-242AFC8F77BB}.Release|Any CPU.ActiveCfg = Release|Any CPU
		{29AF60A3-4FD0-4BF1-ACC2-242AFC8F77BB}.Release|Any CPU.Build.0 = Release|Any CPU
		{21499B8D-AD5F-460E-A01D-1371623425F1}.Debug|Any CPU.ActiveCfg = Debug|Any CPU
		{21499B8D-AD5F-460E-A01D-1371623425F1}.Debug|Any CPU.Build.0 = Debug|Any CPU
		{21499B8D-AD5F-460E-A01D-1371623425F1}.Release|Any CPU.ActiveCfg = Release|Any CPU
		{21499B8D-AD5F-460E-A01D-1371623425F1}.Release|Any CPU.Build.0 = Release|Any CPU
		{F498E69B-5482-4215-A15F-89956FA31E05}.Debug|Any CPU.ActiveCfg = Debug|Any CPU
		{F498E69B-5482-4215-A15F-89956FA31E05}.Debug|Any CPU.Build.0 = Debug|Any CPU
		{F498E69B-5482-4215-A15F-89956FA31E05}.Release|Any CPU.ActiveCfg = Release|Any CPU
		{F498E69B-5482-4215-A15F-89956FA31E05}.Release|Any CPU.Build.0 = Release|Any CPU
		{A49C4D16-375F-4394-A0C5-AF2896C57082}.Debug|Any CPU.ActiveCfg = Debug|Any CPU
		{A49C4D16-375F-4394-A0C5-AF2896C57082}.Debug|Any CPU.Build.0 = Debug|Any CPU
		{A49C4D16-375F-4394-A0C5-AF2896C57082}.Release|Any CPU.ActiveCfg = Release|Any CPU
		{A49C4D16-375F-4394-A0C5-AF2896C57082}.Release|Any CPU.Build.0 = Release|Any CPU
		{38507435-06A7-4CF8-81F5-33828395E768}.Debug|Any CPU.ActiveCfg = Debug|Any CPU
		{38507435-06A7-4CF8-81F5-33828395E768}.Debug|Any CPU.Build.0 = Debug|Any CPU
		{38507435-06A7-4CF8-81F5-33828395E768}.Release|Any CPU.ActiveCfg = Release|Any CPU
		{38507435-06A7-4CF8-81F5-33828395E768}.Release|Any CPU.Build.0 = Release|Any CPU
		{8120112D-826A-4A1E-9F0E-9CF4F2B9DCE5}.Debug|Any CPU.ActiveCfg = Debug|Any CPU
		{8120112D-826A-4A1E-9F0E-9CF4F2B9DCE5}.Debug|Any CPU.Build.0 = Debug|Any CPU
		{8120112D-826A-4A1E-9F0E-9CF4F2B9DCE5}.Release|Any CPU.ActiveCfg = Release|Any CPU
		{8120112D-826A-4A1E-9F0E-9CF4F2B9DCE5}.Release|Any CPU.Build.0 = Release|Any CPU
		{32C05E83-D10B-4125-8DC0-C1C9A4A8FCDF}.Debug|Any CPU.ActiveCfg = Debug|Any CPU
		{32C05E83-D10B-4125-8DC0-C1C9A4A8FCDF}.Debug|Any CPU.Build.0 = Debug|Any CPU
		{32C05E83-D10B-4125-8DC0-C1C9A4A8FCDF}.Release|Any CPU.ActiveCfg = Release|Any CPU
		{32C05E83-D10B-4125-8DC0-C1C9A4A8FCDF}.Release|Any CPU.Build.0 = Release|Any CPU
		{DD7E536A-ABE9-4E97-91BE-54433088C920}.Debug|Any CPU.ActiveCfg = Debug|Any CPU
		{DD7E536A-ABE9-4E97-91BE-54433088C920}.Debug|Any CPU.Build.0 = Debug|Any CPU
		{DD7E536A-ABE9-4E97-91BE-54433088C920}.Release|Any CPU.ActiveCfg = Release|Any CPU
		{DD7E536A-ABE9-4E97-91BE-54433088C920}.Release|Any CPU.Build.0 = Release|Any CPU
		{452E226C-54DC-439A-AC58-9D952E606B44}.Debug|Any CPU.ActiveCfg = Debug|Any CPU
		{452E226C-54DC-439A-AC58-9D952E606B44}.Debug|Any CPU.Build.0 = Debug|Any CPU
		{452E226C-54DC-439A-AC58-9D952E606B44}.Release|Any CPU.ActiveCfg = Release|Any CPU
		{452E226C-54DC-439A-AC58-9D952E606B44}.Release|Any CPU.Build.0 = Release|Any CPU
		{0CA5F74D-FE6D-49F1-9ACB-33C88D92413F}.Debug|Any CPU.ActiveCfg = Debug|Any CPU
		{0CA5F74D-FE6D-49F1-9ACB-33C88D92413F}.Debug|Any CPU.Build.0 = Debug|Any CPU
		{0CA5F74D-FE6D-49F1-9ACB-33C88D92413F}.Release|Any CPU.ActiveCfg = Release|Any CPU
		{0CA5F74D-FE6D-49F1-9ACB-33C88D92413F}.Release|Any CPU.Build.0 = Release|Any CPU
		{A4DFA8E9-C800-4CE5-928C-02AF4105B2E2}.Debug|Any CPU.ActiveCfg = Debug|Any CPU
		{A4DFA8E9-C800-4CE5-928C-02AF4105B2E2}.Debug|Any CPU.Build.0 = Debug|Any CPU
		{A4DFA8E9-C800-4CE5-928C-02AF4105B2E2}.Release|Any CPU.ActiveCfg = Release|Any CPU
		{A4DFA8E9-C800-4CE5-928C-02AF4105B2E2}.Release|Any CPU.Build.0 = Release|Any CPU
		{8C09A96C-31BB-4E81-B77D-16112B54EAF9}.Debug|Any CPU.ActiveCfg = Debug|Any CPU
		{8C09A96C-31BB-4E81-B77D-16112B54EAF9}.Debug|Any CPU.Build.0 = Debug|Any CPU
		{8C09A96C-31BB-4E81-B77D-16112B54EAF9}.Release|Any CPU.ActiveCfg = Release|Any CPU
		{8C09A96C-31BB-4E81-B77D-16112B54EAF9}.Release|Any CPU.Build.0 = Release|Any CPU
		{6089284D-043B-4FCF-94DF-189A6ADD6D36}.Debug|Any CPU.ActiveCfg = Debug|Any CPU
		{6089284D-043B-4FCF-94DF-189A6ADD6D36}.Debug|Any CPU.Build.0 = Debug|Any CPU
		{6089284D-043B-4FCF-94DF-189A6ADD6D36}.Release|Any CPU.ActiveCfg = Release|Any CPU
		{6089284D-043B-4FCF-94DF-189A6ADD6D36}.Release|Any CPU.Build.0 = Release|Any CPU
		{7F8DF632-490D-4133-99EC-FB5D21F0A06A}.Debug|Any CPU.ActiveCfg = Debug|Any CPU
		{7F8DF632-490D-4133-99EC-FB5D21F0A06A}.Debug|Any CPU.Build.0 = Debug|Any CPU
		{7F8DF632-490D-4133-99EC-FB5D21F0A06A}.Release|Any CPU.ActiveCfg = Release|Any CPU
		{7F8DF632-490D-4133-99EC-FB5D21F0A06A}.Release|Any CPU.Build.0 = Release|Any CPU
		{66070C61-3AE1-4CD4-B3D7-9B4E2D753903}.Debug|Any CPU.ActiveCfg = Debug|Any CPU
		{66070C61-3AE1-4CD4-B3D7-9B4E2D753903}.Debug|Any CPU.Build.0 = Debug|Any CPU
		{66070C61-3AE1-4CD4-B3D7-9B4E2D753903}.Release|Any CPU.ActiveCfg = Release|Any CPU
		{66070C61-3AE1-4CD4-B3D7-9B4E2D753903}.Release|Any CPU.Build.0 = Release|Any CPU
		{DCFC5E0F-B7C6-4CC6-8B06-BE480B1A1C4A}.Debug|Any CPU.ActiveCfg = Debug|Any CPU
		{DCFC5E0F-B7C6-4CC6-8B06-BE480B1A1C4A}.Debug|Any CPU.Build.0 = Debug|Any CPU
		{DCFC5E0F-B7C6-4CC6-8B06-BE480B1A1C4A}.Release|Any CPU.ActiveCfg = Release|Any CPU
		{DCFC5E0F-B7C6-4CC6-8B06-BE480B1A1C4A}.Release|Any CPU.Build.0 = Release|Any CPU
		{0B1148EE-81CF-478D-AFD5-71BD2BB6107B}.Debug|Any CPU.ActiveCfg = Debug|Any CPU
		{0B1148EE-81CF-478D-AFD5-71BD2BB6107B}.Debug|Any CPU.Build.0 = Debug|Any CPU
		{0B1148EE-81CF-478D-AFD5-71BD2BB6107B}.Release|Any CPU.ActiveCfg = Release|Any CPU
		{0B1148EE-81CF-478D-AFD5-71BD2BB6107B}.Release|Any CPU.Build.0 = Release|Any CPU
		{48478CFC-CE6A-4396-84A8-EE0183EEA945}.Debug|Any CPU.ActiveCfg = Debug|Any CPU
		{48478CFC-CE6A-4396-84A8-EE0183EEA945}.Debug|Any CPU.Build.0 = Debug|Any CPU
		{48478CFC-CE6A-4396-84A8-EE0183EEA945}.Release|Any CPU.ActiveCfg = Release|Any CPU
		{48478CFC-CE6A-4396-84A8-EE0183EEA945}.Release|Any CPU.Build.0 = Release|Any CPU
		{4C0616EB-8AA9-4A10-91C9-259619035F68}.Debug|Any CPU.ActiveCfg = Debug|Any CPU
		{4C0616EB-8AA9-4A10-91C9-259619035F68}.Debug|Any CPU.Build.0 = Debug|Any CPU
		{4C0616EB-8AA9-4A10-91C9-259619035F68}.Release|Any CPU.ActiveCfg = Release|Any CPU
		{4C0616EB-8AA9-4A10-91C9-259619035F68}.Release|Any CPU.Build.0 = Release|Any CPU
		{982EC08C-150E-4A64-8145-498DB741EA1B}.Debug|Any CPU.ActiveCfg = Debug|Any CPU
		{982EC08C-150E-4A64-8145-498DB741EA1B}.Debug|Any CPU.Build.0 = Debug|Any CPU
		{982EC08C-150E-4A64-8145-498DB741EA1B}.Release|Any CPU.ActiveCfg = Release|Any CPU
		{982EC08C-150E-4A64-8145-498DB741EA1B}.Release|Any CPU.Build.0 = Release|Any CPU
		{76DC6057-6F3C-4C62-A70F-E21760E94FA1}.Debug|Any CPU.ActiveCfg = Debug|Any CPU
		{76DC6057-6F3C-4C62-A70F-E21760E94FA1}.Debug|Any CPU.Build.0 = Debug|Any CPU
		{76DC6057-6F3C-4C62-A70F-E21760E94FA1}.Release|Any CPU.ActiveCfg = Release|Any CPU
		{76DC6057-6F3C-4C62-A70F-E21760E94FA1}.Release|Any CPU.Build.0 = Release|Any CPU
		{6A5CD001-771E-4105-ADAB-4E89683CE1D1}.Debug|Any CPU.ActiveCfg = Debug|Any CPU
		{6A5CD001-771E-4105-ADAB-4E89683CE1D1}.Debug|Any CPU.Build.0 = Debug|Any CPU
		{6A5CD001-771E-4105-ADAB-4E89683CE1D1}.Release|Any CPU.ActiveCfg = Release|Any CPU
		{6A5CD001-771E-4105-ADAB-4E89683CE1D1}.Release|Any CPU.Build.0 = Release|Any CPU
		{47734BCE-3727-48AC-969C-BDDD155FC123}.Debug|Any CPU.ActiveCfg = Debug|Any CPU
		{47734BCE-3727-48AC-969C-BDDD155FC123}.Debug|Any CPU.Build.0 = Debug|Any CPU
		{47734BCE-3727-48AC-969C-BDDD155FC123}.Release|Any CPU.ActiveCfg = Release|Any CPU
		{47734BCE-3727-48AC-969C-BDDD155FC123}.Release|Any CPU.Build.0 = Release|Any CPU
		{5F24CF48-10BE-41E6-9D6F-12649AF8F197}.Debug|Any CPU.ActiveCfg = Debug|Any CPU
		{5F24CF48-10BE-41E6-9D6F-12649AF8F197}.Debug|Any CPU.Build.0 = Debug|Any CPU
		{5F24CF48-10BE-41E6-9D6F-12649AF8F197}.Release|Any CPU.ActiveCfg = Release|Any CPU
		{5F24CF48-10BE-41E6-9D6F-12649AF8F197}.Release|Any CPU.Build.0 = Release|Any CPU
		{7AC226EE-CF75-4A7F-8DDF-7EC97525B9AF}.Debug|Any CPU.ActiveCfg = Debug|Any CPU
		{7AC226EE-CF75-4A7F-8DDF-7EC97525B9AF}.Debug|Any CPU.Build.0 = Debug|Any CPU
		{7AC226EE-CF75-4A7F-8DDF-7EC97525B9AF}.Release|Any CPU.ActiveCfg = Release|Any CPU
		{7AC226EE-CF75-4A7F-8DDF-7EC97525B9AF}.Release|Any CPU.Build.0 = Release|Any CPU
		{B9188F20-2B3D-4B56-A61C-0A199BF5AAF6}.Debug|Any CPU.ActiveCfg = Debug|Any CPU
		{B9188F20-2B3D-4B56-A61C-0A199BF5AAF6}.Debug|Any CPU.Build.0 = Debug|Any CPU
		{B9188F20-2B3D-4B56-A61C-0A199BF5AAF6}.Release|Any CPU.ActiveCfg = Release|Any CPU
		{B9188F20-2B3D-4B56-A61C-0A199BF5AAF6}.Release|Any CPU.Build.0 = Release|Any CPU
		{8EB4B024-BE08-495D-95E0-896096C5DBB0}.Debug|Any CPU.ActiveCfg = Debug|Any CPU
		{8EB4B024-BE08-495D-95E0-896096C5DBB0}.Debug|Any CPU.Build.0 = Debug|Any CPU
		{8EB4B024-BE08-495D-95E0-896096C5DBB0}.Release|Any CPU.ActiveCfg = Release|Any CPU
		{8EB4B024-BE08-495D-95E0-896096C5DBB0}.Release|Any CPU.Build.0 = Release|Any CPU
		{DB701002-48B3-4816-8CE9-F40B783D68F4}.Debug|Any CPU.ActiveCfg = Debug|Any CPU
		{DB701002-48B3-4816-8CE9-F40B783D68F4}.Debug|Any CPU.Build.0 = Debug|Any CPU
		{DB701002-48B3-4816-8CE9-F40B783D68F4}.Release|Any CPU.ActiveCfg = Release|Any CPU
		{DB701002-48B3-4816-8CE9-F40B783D68F4}.Release|Any CPU.Build.0 = Release|Any CPU
		{6BC87515-688A-470C-9A0B-AB4573713A31}.Debug|Any CPU.ActiveCfg = Debug|Any CPU
		{6BC87515-688A-470C-9A0B-AB4573713A31}.Debug|Any CPU.Build.0 = Debug|Any CPU
		{6BC87515-688A-470C-9A0B-AB4573713A31}.Release|Any CPU.ActiveCfg = Release|Any CPU
		{6BC87515-688A-470C-9A0B-AB4573713A31}.Release|Any CPU.Build.0 = Release|Any CPU
		{0E9056EF-86A8-4F6A-8AA3-A7D81523C08F}.Debug|Any CPU.ActiveCfg = Debug|Any CPU
		{0E9056EF-86A8-4F6A-8AA3-A7D81523C08F}.Debug|Any CPU.Build.0 = Debug|Any CPU
		{0E9056EF-86A8-4F6A-8AA3-A7D81523C08F}.Release|Any CPU.ActiveCfg = Release|Any CPU
		{0E9056EF-86A8-4F6A-8AA3-A7D81523C08F}.Release|Any CPU.Build.0 = Release|Any CPU
		{153DEBD7-FE0B-4E76-A252-A08119A5882A}.Debug|Any CPU.ActiveCfg = Debug|Any CPU
		{153DEBD7-FE0B-4E76-A252-A08119A5882A}.Debug|Any CPU.Build.0 = Debug|Any CPU
		{153DEBD7-FE0B-4E76-A252-A08119A5882A}.Release|Any CPU.ActiveCfg = Release|Any CPU
		{153DEBD7-FE0B-4E76-A252-A08119A5882A}.Release|Any CPU.Build.0 = Release|Any CPU
		{08CEA00C-CC68-46E5-A81B-A451CF0CD89C}.Debug|Any CPU.ActiveCfg = Debug|Any CPU
		{08CEA00C-CC68-46E5-A81B-A451CF0CD89C}.Debug|Any CPU.Build.0 = Debug|Any CPU
		{08CEA00C-CC68-46E5-A81B-A451CF0CD89C}.Release|Any CPU.ActiveCfg = Release|Any CPU
		{08CEA00C-CC68-46E5-A81B-A451CF0CD89C}.Release|Any CPU.Build.0 = Release|Any CPU
		{FECD9D74-9F92-41C9-84BB-3C9840254CF3}.Debug|Any CPU.ActiveCfg = Debug|Any CPU
		{FECD9D74-9F92-41C9-84BB-3C9840254CF3}.Debug|Any CPU.Build.0 = Debug|Any CPU
		{FECD9D74-9F92-41C9-84BB-3C9840254CF3}.Release|Any CPU.ActiveCfg = Release|Any CPU
		{FECD9D74-9F92-41C9-84BB-3C9840254CF3}.Release|Any CPU.Build.0 = Release|Any CPU
		{E30ED733-2814-4648-9F76-62E92DBEFC95}.Debug|Any CPU.ActiveCfg = Debug|Any CPU
		{E30ED733-2814-4648-9F76-62E92DBEFC95}.Debug|Any CPU.Build.0 = Debug|Any CPU
		{E30ED733-2814-4648-9F76-62E92DBEFC95}.Release|Any CPU.ActiveCfg = Release|Any CPU
		{E30ED733-2814-4648-9F76-62E92DBEFC95}.Release|Any CPU.Build.0 = Release|Any CPU
		{B467B7D2-A217-4657-9722-97E6EA07D46B}.Debug|Any CPU.ActiveCfg = Debug|Any CPU
		{B467B7D2-A217-4657-9722-97E6EA07D46B}.Debug|Any CPU.Build.0 = Debug|Any CPU
		{B467B7D2-A217-4657-9722-97E6EA07D46B}.Release|Any CPU.ActiveCfg = Release|Any CPU
		{B467B7D2-A217-4657-9722-97E6EA07D46B}.Release|Any CPU.Build.0 = Release|Any CPU
		{711A95D7-A472-487E-BB57-B82EAF8138EE}.Debug|Any CPU.ActiveCfg = Debug|Any CPU
		{711A95D7-A472-487E-BB57-B82EAF8138EE}.Debug|Any CPU.Build.0 = Debug|Any CPU
		{711A95D7-A472-487E-BB57-B82EAF8138EE}.Release|Any CPU.ActiveCfg = Release|Any CPU
		{711A95D7-A472-487E-BB57-B82EAF8138EE}.Release|Any CPU.Build.0 = Release|Any CPU
		{B228FAFB-AC2F-4D80-B9B4-C1C6D3CA36B6}.Debug|Any CPU.ActiveCfg = Debug|Any CPU
		{B228FAFB-AC2F-4D80-B9B4-C1C6D3CA36B6}.Debug|Any CPU.Build.0 = Debug|Any CPU
		{B228FAFB-AC2F-4D80-B9B4-C1C6D3CA36B6}.Release|Any CPU.ActiveCfg = Release|Any CPU
		{B228FAFB-AC2F-4D80-B9B4-C1C6D3CA36B6}.Release|Any CPU.Build.0 = Release|Any CPU
		{2803FE12-0AB5-46ED-8AD6-10FCC169E67D}.Debug|Any CPU.ActiveCfg = Debug|Any CPU
		{2803FE12-0AB5-46ED-8AD6-10FCC169E67D}.Debug|Any CPU.Build.0 = Debug|Any CPU
		{2803FE12-0AB5-46ED-8AD6-10FCC169E67D}.Release|Any CPU.ActiveCfg = Release|Any CPU
		{2803FE12-0AB5-46ED-8AD6-10FCC169E67D}.Release|Any CPU.Build.0 = Release|Any CPU
		{D78FF91A-8125-4338-8231-61D68EFB5DB4}.Debug|Any CPU.ActiveCfg = Debug|Any CPU
		{D78FF91A-8125-4338-8231-61D68EFB5DB4}.Debug|Any CPU.Build.0 = Debug|Any CPU
		{D78FF91A-8125-4338-8231-61D68EFB5DB4}.Release|Any CPU.ActiveCfg = Release|Any CPU
		{D78FF91A-8125-4338-8231-61D68EFB5DB4}.Release|Any CPU.Build.0 = Release|Any CPU
		{CD341C72-07F5-4309-A1FC-F6767B924ED7}.Debug|Any CPU.ActiveCfg = Debug|Any CPU
		{CD341C72-07F5-4309-A1FC-F6767B924ED7}.Debug|Any CPU.Build.0 = Debug|Any CPU
		{CD341C72-07F5-4309-A1FC-F6767B924ED7}.Release|Any CPU.ActiveCfg = Release|Any CPU
		{CD341C72-07F5-4309-A1FC-F6767B924ED7}.Release|Any CPU.Build.0 = Release|Any CPU
		{678621F4-2A70-47C0-8DB3-BE2272534320}.Debug|Any CPU.ActiveCfg = Debug|Any CPU
		{678621F4-2A70-47C0-8DB3-BE2272534320}.Debug|Any CPU.Build.0 = Debug|Any CPU
		{678621F4-2A70-47C0-8DB3-BE2272534320}.Release|Any CPU.ActiveCfg = Release|Any CPU
		{678621F4-2A70-47C0-8DB3-BE2272534320}.Release|Any CPU.Build.0 = Release|Any CPU
		{207849C5-565D-48E4-BE99-FAB2B0193BC9}.Debug|Any CPU.ActiveCfg = Debug|Any CPU
		{207849C5-565D-48E4-BE99-FAB2B0193BC9}.Debug|Any CPU.Build.0 = Debug|Any CPU
		{207849C5-565D-48E4-BE99-FAB2B0193BC9}.Release|Any CPU.ActiveCfg = Release|Any CPU
		{207849C5-565D-48E4-BE99-FAB2B0193BC9}.Release|Any CPU.Build.0 = Release|Any CPU
		{44B7649B-8338-4E2B-A94F-4F7BA6BACFF6}.Debug|Any CPU.ActiveCfg = Debug|Any CPU
		{44B7649B-8338-4E2B-A94F-4F7BA6BACFF6}.Debug|Any CPU.Build.0 = Debug|Any CPU
		{44B7649B-8338-4E2B-A94F-4F7BA6BACFF6}.Release|Any CPU.ActiveCfg = Release|Any CPU
		{44B7649B-8338-4E2B-A94F-4F7BA6BACFF6}.Release|Any CPU.Build.0 = Release|Any CPU
		{E8D163D8-88D3-4119-9651-D839B5392ECA}.Debug|Any CPU.ActiveCfg = Debug|Any CPU
		{E8D163D8-88D3-4119-9651-D839B5392ECA}.Debug|Any CPU.Build.0 = Debug|Any CPU
		{E8D163D8-88D3-4119-9651-D839B5392ECA}.Release|Any CPU.ActiveCfg = Release|Any CPU
		{E8D163D8-88D3-4119-9651-D839B5392ECA}.Release|Any CPU.Build.0 = Release|Any CPU
		{22E0A44C-C0B1-4E86-8431-6D50C75A82EB}.Debug|Any CPU.ActiveCfg = Debug|Any CPU
		{22E0A44C-C0B1-4E86-8431-6D50C75A82EB}.Debug|Any CPU.Build.0 = Debug|Any CPU
		{22E0A44C-C0B1-4E86-8431-6D50C75A82EB}.Release|Any CPU.ActiveCfg = Release|Any CPU
		{22E0A44C-C0B1-4E86-8431-6D50C75A82EB}.Release|Any CPU.Build.0 = Release|Any CPU
		{BEC5CC8C-0D33-4552-B084-B21EBF78BBFD}.Debug|Any CPU.ActiveCfg = Debug|Any CPU
		{BEC5CC8C-0D33-4552-B084-B21EBF78BBFD}.Debug|Any CPU.Build.0 = Debug|Any CPU
		{BEC5CC8C-0D33-4552-B084-B21EBF78BBFD}.Release|Any CPU.ActiveCfg = Release|Any CPU
		{BEC5CC8C-0D33-4552-B084-B21EBF78BBFD}.Release|Any CPU.Build.0 = Release|Any CPU
		{96586AA1-94A9-470C-A64F-989A8C53D5AE}.Debug|Any CPU.ActiveCfg = Debug|Any CPU
		{96586AA1-94A9-470C-A64F-989A8C53D5AE}.Debug|Any CPU.Build.0 = Debug|Any CPU
		{96586AA1-94A9-470C-A64F-989A8C53D5AE}.Release|Any CPU.ActiveCfg = Release|Any CPU
		{96586AA1-94A9-470C-A64F-989A8C53D5AE}.Release|Any CPU.Build.0 = Release|Any CPU
		{E63A2FF5-7E01-4C72-BB8E-26001F8C9DCB}.Debug|Any CPU.ActiveCfg = Debug|Any CPU
		{E63A2FF5-7E01-4C72-BB8E-26001F8C9DCB}.Debug|Any CPU.Build.0 = Debug|Any CPU
		{E63A2FF5-7E01-4C72-BB8E-26001F8C9DCB}.Release|Any CPU.ActiveCfg = Release|Any CPU
		{E63A2FF5-7E01-4C72-BB8E-26001F8C9DCB}.Release|Any CPU.Build.0 = Release|Any CPU
		{509A7485-0407-44AB-97AF-A8DE52E99E89}.Debug|Any CPU.ActiveCfg = Debug|Any CPU
		{509A7485-0407-44AB-97AF-A8DE52E99E89}.Debug|Any CPU.Build.0 = Debug|Any CPU
		{509A7485-0407-44AB-97AF-A8DE52E99E89}.Release|Any CPU.ActiveCfg = Release|Any CPU
		{509A7485-0407-44AB-97AF-A8DE52E99E89}.Release|Any CPU.Build.0 = Release|Any CPU
		{6FB5DBD5-FA3D-4A03-B4C4-DA5D63B3E943}.Debug|Any CPU.ActiveCfg = Debug|Any CPU
		{6FB5DBD5-FA3D-4A03-B4C4-DA5D63B3E943}.Debug|Any CPU.Build.0 = Debug|Any CPU
		{6FB5DBD5-FA3D-4A03-B4C4-DA5D63B3E943}.Release|Any CPU.ActiveCfg = Release|Any CPU
		{6FB5DBD5-FA3D-4A03-B4C4-DA5D63B3E943}.Release|Any CPU.Build.0 = Release|Any CPU
		{259CBE43-EB95-4C2A-B261-CF9F28AB6002}.Debug|Any CPU.ActiveCfg = Debug|Any CPU
		{259CBE43-EB95-4C2A-B261-CF9F28AB6002}.Debug|Any CPU.Build.0 = Debug|Any CPU
		{259CBE43-EB95-4C2A-B261-CF9F28AB6002}.Release|Any CPU.ActiveCfg = Release|Any CPU
		{259CBE43-EB95-4C2A-B261-CF9F28AB6002}.Release|Any CPU.Build.0 = Release|Any CPU
		{FC8A3943-0EF9-47D2-9EAA-D82FA5D4DA35}.Debug|Any CPU.ActiveCfg = Debug|Any CPU
		{FC8A3943-0EF9-47D2-9EAA-D82FA5D4DA35}.Debug|Any CPU.Build.0 = Debug|Any CPU
		{FC8A3943-0EF9-47D2-9EAA-D82FA5D4DA35}.Release|Any CPU.ActiveCfg = Release|Any CPU
		{FC8A3943-0EF9-47D2-9EAA-D82FA5D4DA35}.Release|Any CPU.Build.0 = Release|Any CPU
		{C469EC57-8319-4EC3-A9ED-AF174530CDD2}.Debug|Any CPU.ActiveCfg = Debug|Any CPU
		{C469EC57-8319-4EC3-A9ED-AF174530CDD2}.Debug|Any CPU.Build.0 = Debug|Any CPU
		{C469EC57-8319-4EC3-A9ED-AF174530CDD2}.Release|Any CPU.ActiveCfg = Release|Any CPU
		{C469EC57-8319-4EC3-A9ED-AF174530CDD2}.Release|Any CPU.Build.0 = Release|Any CPU
		{9315A029-4877-4484-876A-2ECD82A7F6D3}.Debug|Any CPU.ActiveCfg = Debug|Any CPU
		{9315A029-4877-4484-876A-2ECD82A7F6D3}.Debug|Any CPU.Build.0 = Debug|Any CPU
		{9315A029-4877-4484-876A-2ECD82A7F6D3}.Release|Any CPU.ActiveCfg = Release|Any CPU
		{9315A029-4877-4484-876A-2ECD82A7F6D3}.Release|Any CPU.Build.0 = Release|Any CPU
		{5F7BFD10-C6D7-48BA-812D-0D7E66588D84}.Debug|Any CPU.ActiveCfg = Debug|Any CPU
		{5F7BFD10-C6D7-48BA-812D-0D7E66588D84}.Debug|Any CPU.Build.0 = Debug|Any CPU
		{5F7BFD10-C6D7-48BA-812D-0D7E66588D84}.Release|Any CPU.ActiveCfg = Release|Any CPU
		{5F7BFD10-C6D7-48BA-812D-0D7E66588D84}.Release|Any CPU.Build.0 = Release|Any CPU
		{8B4BC3D3-B33A-4D58-B4CA-D72BB7826628}.Debug|Any CPU.ActiveCfg = Debug|Any CPU
		{8B4BC3D3-B33A-4D58-B4CA-D72BB7826628}.Debug|Any CPU.Build.0 = Debug|Any CPU
		{8B4BC3D3-B33A-4D58-B4CA-D72BB7826628}.Release|Any CPU.ActiveCfg = Release|Any CPU
		{8B4BC3D3-B33A-4D58-B4CA-D72BB7826628}.Release|Any CPU.Build.0 = Release|Any CPU
		{2F174564-32D0-44BA-BA0E-9FEA8C68AA15}.Debug|Any CPU.ActiveCfg = Debug|Any CPU
		{2F174564-32D0-44BA-BA0E-9FEA8C68AA15}.Debug|Any CPU.Build.0 = Debug|Any CPU
		{2F174564-32D0-44BA-BA0E-9FEA8C68AA15}.Release|Any CPU.ActiveCfg = Release|Any CPU
		{2F174564-32D0-44BA-BA0E-9FEA8C68AA15}.Release|Any CPU.Build.0 = Release|Any CPU
		{649B5109-9541-4E92-94FD-7075CB80BDE5}.Debug|Any CPU.ActiveCfg = Debug|Any CPU
		{649B5109-9541-4E92-94FD-7075CB80BDE5}.Debug|Any CPU.Build.0 = Debug|Any CPU
		{649B5109-9541-4E92-94FD-7075CB80BDE5}.Release|Any CPU.ActiveCfg = Release|Any CPU
		{649B5109-9541-4E92-94FD-7075CB80BDE5}.Release|Any CPU.Build.0 = Release|Any CPU
		{83920036-1120-469D-8253-AFD44715989B}.Debug|Any CPU.ActiveCfg = Debug|Any CPU
		{83920036-1120-469D-8253-AFD44715989B}.Debug|Any CPU.Build.0 = Debug|Any CPU
		{83920036-1120-469D-8253-AFD44715989B}.Release|Any CPU.ActiveCfg = Release|Any CPU
		{83920036-1120-469D-8253-AFD44715989B}.Release|Any CPU.Build.0 = Release|Any CPU
		{AC2FD352-0C22-4A97-B6A0-F3EA0B6AB863}.Debug|Any CPU.ActiveCfg = Debug|Any CPU
		{AC2FD352-0C22-4A97-B6A0-F3EA0B6AB863}.Debug|Any CPU.Build.0 = Debug|Any CPU
		{AC2FD352-0C22-4A97-B6A0-F3EA0B6AB863}.Release|Any CPU.ActiveCfg = Release|Any CPU
		{AC2FD352-0C22-4A97-B6A0-F3EA0B6AB863}.Release|Any CPU.Build.0 = Release|Any CPU
		{B84477DE-733D-4D75-AE54-BF5145D8E0C7}.Debug|Any CPU.ActiveCfg = Debug|Any CPU
		{B84477DE-733D-4D75-AE54-BF5145D8E0C7}.Debug|Any CPU.Build.0 = Debug|Any CPU
		{B84477DE-733D-4D75-AE54-BF5145D8E0C7}.Release|Any CPU.ActiveCfg = Release|Any CPU
		{B84477DE-733D-4D75-AE54-BF5145D8E0C7}.Release|Any CPU.Build.0 = Release|Any CPU
		{6B397A29-FAB0-4D3E-BBBF-551F97648353}.Debug|Any CPU.ActiveCfg = Debug|Any CPU
		{6B397A29-FAB0-4D3E-BBBF-551F97648353}.Debug|Any CPU.Build.0 = Debug|Any CPU
		{6B397A29-FAB0-4D3E-BBBF-551F97648353}.Release|Any CPU.ActiveCfg = Release|Any CPU
		{6B397A29-FAB0-4D3E-BBBF-551F97648353}.Release|Any CPU.Build.0 = Release|Any CPU
		{953EBC9E-B0C3-412A-A04F-87FB1EE1C284}.Debug|Any CPU.ActiveCfg = Debug|Any CPU
		{953EBC9E-B0C3-412A-A04F-87FB1EE1C284}.Debug|Any CPU.Build.0 = Debug|Any CPU
		{953EBC9E-B0C3-412A-A04F-87FB1EE1C284}.Release|Any CPU.ActiveCfg = Release|Any CPU
		{953EBC9E-B0C3-412A-A04F-87FB1EE1C284}.Release|Any CPU.Build.0 = Release|Any CPU
		{5D97A34E-26EA-48C0-8D9B-BCC555693127}.Debug|Any CPU.ActiveCfg = Debug|Any CPU
		{5D97A34E-26EA-48C0-8D9B-BCC555693127}.Debug|Any CPU.Build.0 = Debug|Any CPU
		{5D97A34E-26EA-48C0-8D9B-BCC555693127}.Release|Any CPU.ActiveCfg = Release|Any CPU
		{5D97A34E-26EA-48C0-8D9B-BCC555693127}.Release|Any CPU.Build.0 = Release|Any CPU
		{F0166590-DD0F-499C-B1C4-1DC431ADB2D7}.Debug|Any CPU.ActiveCfg = Debug|Any CPU
		{F0166590-DD0F-499C-B1C4-1DC431ADB2D7}.Debug|Any CPU.Build.0 = Debug|Any CPU
		{F0166590-DD0F-499C-B1C4-1DC431ADB2D7}.Release|Any CPU.ActiveCfg = Release|Any CPU
		{F0166590-DD0F-499C-B1C4-1DC431ADB2D7}.Release|Any CPU.Build.0 = Release|Any CPU
		{6FD29C02-E5C9-4172-81FE-9A08F878ED95}.Debug|Any CPU.ActiveCfg = Debug|Any CPU
		{6FD29C02-E5C9-4172-81FE-9A08F878ED95}.Debug|Any CPU.Build.0 = Debug|Any CPU
		{6FD29C02-E5C9-4172-81FE-9A08F878ED95}.Release|Any CPU.ActiveCfg = Release|Any CPU
		{6FD29C02-E5C9-4172-81FE-9A08F878ED95}.Release|Any CPU.Build.0 = Release|Any CPU
		{547A1877-43B1-48D2-A23D-359987A3308C}.Debug|Any CPU.ActiveCfg = Debug|Any CPU
		{547A1877-43B1-48D2-A23D-359987A3308C}.Debug|Any CPU.Build.0 = Debug|Any CPU
		{547A1877-43B1-48D2-A23D-359987A3308C}.Release|Any CPU.ActiveCfg = Release|Any CPU
		{547A1877-43B1-48D2-A23D-359987A3308C}.Release|Any CPU.Build.0 = Release|Any CPU
		{B9C1C722-FDAF-4C53-B25A-5DDCD9B942A0}.Debug|Any CPU.ActiveCfg = Debug|Any CPU
		{B9C1C722-FDAF-4C53-B25A-5DDCD9B942A0}.Debug|Any CPU.Build.0 = Debug|Any CPU
		{B9C1C722-FDAF-4C53-B25A-5DDCD9B942A0}.Release|Any CPU.ActiveCfg = Release|Any CPU
		{B9C1C722-FDAF-4C53-B25A-5DDCD9B942A0}.Release|Any CPU.Build.0 = Release|Any CPU
		{A64AC07C-0039-45D9-936E-EE427DE5EAE0}.Debug|Any CPU.ActiveCfg = Debug|Any CPU
		{A64AC07C-0039-45D9-936E-EE427DE5EAE0}.Debug|Any CPU.Build.0 = Debug|Any CPU
		{A64AC07C-0039-45D9-936E-EE427DE5EAE0}.Release|Any CPU.ActiveCfg = Release|Any CPU
		{A64AC07C-0039-45D9-936E-EE427DE5EAE0}.Release|Any CPU.Build.0 = Release|Any CPU
		{CB18149A-02AA-4488-9896-24EE29DDDA46}.Debug|Any CPU.ActiveCfg = Debug|Any CPU
		{CB18149A-02AA-4488-9896-24EE29DDDA46}.Debug|Any CPU.Build.0 = Debug|Any CPU
		{CB18149A-02AA-4488-9896-24EE29DDDA46}.Release|Any CPU.ActiveCfg = Release|Any CPU
		{CB18149A-02AA-4488-9896-24EE29DDDA46}.Release|Any CPU.Build.0 = Release|Any CPU
		{24D4836D-EC37-4B0A-9245-CB46EC8041C9}.Debug|Any CPU.ActiveCfg = Debug|Any CPU
		{24D4836D-EC37-4B0A-9245-CB46EC8041C9}.Debug|Any CPU.Build.0 = Debug|Any CPU
		{24D4836D-EC37-4B0A-9245-CB46EC8041C9}.Release|Any CPU.ActiveCfg = Release|Any CPU
		{24D4836D-EC37-4B0A-9245-CB46EC8041C9}.Release|Any CPU.Build.0 = Release|Any CPU
		{586B20F6-0B62-4ADC-B595-BB547A9B718C}.Debug|Any CPU.ActiveCfg = Debug|Any CPU
		{586B20F6-0B62-4ADC-B595-BB547A9B718C}.Debug|Any CPU.Build.0 = Debug|Any CPU
		{586B20F6-0B62-4ADC-B595-BB547A9B718C}.Release|Any CPU.ActiveCfg = Release|Any CPU
		{586B20F6-0B62-4ADC-B595-BB547A9B718C}.Release|Any CPU.Build.0 = Release|Any CPU
		{655D5698-C37F-48E2-9EEB-AE294AA0C223}.Debug|Any CPU.ActiveCfg = Debug|Any CPU
		{655D5698-C37F-48E2-9EEB-AE294AA0C223}.Debug|Any CPU.Build.0 = Debug|Any CPU
		{655D5698-C37F-48E2-9EEB-AE294AA0C223}.Release|Any CPU.ActiveCfg = Release|Any CPU
		{655D5698-C37F-48E2-9EEB-AE294AA0C223}.Release|Any CPU.Build.0 = Release|Any CPU
		{4D99162C-BF9F-4437-B446-24F09DFF760A}.Debug|Any CPU.ActiveCfg = Debug|Any CPU
		{4D99162C-BF9F-4437-B446-24F09DFF760A}.Debug|Any CPU.Build.0 = Debug|Any CPU
		{4D99162C-BF9F-4437-B446-24F09DFF760A}.Release|Any CPU.ActiveCfg = Release|Any CPU
		{4D99162C-BF9F-4437-B446-24F09DFF760A}.Release|Any CPU.Build.0 = Release|Any CPU
		{8C273CE6-2DC9-4B07-A5EF-29845F575A31}.Debug|Any CPU.ActiveCfg = Debug|Any CPU
		{8C273CE6-2DC9-4B07-A5EF-29845F575A31}.Debug|Any CPU.Build.0 = Debug|Any CPU
		{8C273CE6-2DC9-4B07-A5EF-29845F575A31}.Release|Any CPU.ActiveCfg = Release|Any CPU
		{8C273CE6-2DC9-4B07-A5EF-29845F575A31}.Release|Any CPU.Build.0 = Release|Any CPU
		{44BE288B-4F2B-4341-874B-AAD91026AB0C}.Debug|Any CPU.ActiveCfg = Debug|Any CPU
		{44BE288B-4F2B-4341-874B-AAD91026AB0C}.Debug|Any CPU.Build.0 = Debug|Any CPU
		{44BE288B-4F2B-4341-874B-AAD91026AB0C}.Release|Any CPU.ActiveCfg = Release|Any CPU
		{44BE288B-4F2B-4341-874B-AAD91026AB0C}.Release|Any CPU.Build.0 = Release|Any CPU
		{6AC1D074-1C36-4F24-8171-34242DEB8F23}.Debug|Any CPU.ActiveCfg = Debug|Any CPU
		{6AC1D074-1C36-4F24-8171-34242DEB8F23}.Debug|Any CPU.Build.0 = Debug|Any CPU
		{6AC1D074-1C36-4F24-8171-34242DEB8F23}.Release|Any CPU.ActiveCfg = Release|Any CPU
		{6AC1D074-1C36-4F24-8171-34242DEB8F23}.Release|Any CPU.Build.0 = Release|Any CPU
		{210CF73C-73B6-465D-8D16-1C3F90B8C014}.Debug|Any CPU.ActiveCfg = Debug|Any CPU
		{210CF73C-73B6-465D-8D16-1C3F90B8C014}.Debug|Any CPU.Build.0 = Debug|Any CPU
		{210CF73C-73B6-465D-8D16-1C3F90B8C014}.Release|Any CPU.ActiveCfg = Release|Any CPU
		{210CF73C-73B6-465D-8D16-1C3F90B8C014}.Release|Any CPU.Build.0 = Release|Any CPU
		{0AB84ECE-49AF-45C0-8F50-88EA119A1D30}.Debug|Any CPU.ActiveCfg = Debug|Any CPU
		{0AB84ECE-49AF-45C0-8F50-88EA119A1D30}.Debug|Any CPU.Build.0 = Debug|Any CPU
		{0AB84ECE-49AF-45C0-8F50-88EA119A1D30}.Release|Any CPU.ActiveCfg = Release|Any CPU
		{0AB84ECE-49AF-45C0-8F50-88EA119A1D30}.Release|Any CPU.Build.0 = Release|Any CPU
	EndGlobalSection
	GlobalSection(SolutionProperties) = preSolution
		HideSolutionNode = FALSE
	EndGlobalSection
	GlobalSection(ExtensibilityGlobals) = postSolution
		SolutionGuid = {7D690145-E5E2-4844-B6E4-038913CC7DB8}
	EndGlobalSection
EndGlobal
