
Microsoft Visual Studio Solution File, Format Version 12.00
# Visual Studio Version 17
VisualStudioVersion = 17.13.35828.75
MinimumVisualStudioVersion = 10.0.40219.1
Project("{FAE04EC0-301F-11D3-BF4B-00C04F79EFBC}") = "Project1", "Project1.csproj", "{A30DCB7E-A0BC-40E5-A593-27796F87F037}"
EndProject
Project("{FAE04EC0-301F-11D3-BF4B-00C04F79EFBC}") = "202509041507_Start", "..\202509041507_Start\202509041507_Start.csproj", "{56A65704-7F54-4964-847F-F0B25B7DF276}"
EndProject
Project("{FAE04EC0-301F-11D3-BF4B-00C04F79EFBC}") = "202509041521_DataType", "..\202509041521_DataType\202509041521_DataType.csproj", "{33429F9D-C517-4F21-B3AE-F4213799931A}"
EndProject
Project("{FAE04EC0-301F-11D3-BF4B-00C04F79EFBC}") = "202509041554_Variable", "..\202509041554_Variable\202509041554_Variable.csproj", "{668120DD-2C92-4678-B9CF-12CBA8EAA774}"
EndProject
Project("{FAE04EC0-301F-11D3-BF4B-00C04F79EFBC}") = "202509041607_Operator", "..\202509041607_Operator\202509041607_Operator.csproj", "{02B5115F-F2B5-4A2F-8802-04E916562D62}"
EndProject
Project("{FAE04EC0-301F-11D3-BF4B-00C04F79EFBC}") = "202509041623_Operator2", "..\202509041623_Operator2\202509041623_Operator2.csproj", "{40202797-3750-4339-B8B8-2F73A68C623E}"
EndProject
Project("{FAE04EC0-301F-11D3-BF4B-00C04F79EFBC}") = "202509041649_Operator3", "..\202509041649_Operator3\202509041649_Operator3.csproj", "{1385B8AB-6824-4E96-9CAA-D96BD913CEF5}"
EndProject
Project("{FAE04EC0-301F-11D3-BF4B-00C04F79EFBC}") = "202509041701_Operator4", "..\202509041701_Operator4\202509041701_Operator4.csproj", "{B9EE2EB6-A725-4176-BF55-629B02865815}"
EndProject
Project("{FAE04EC0-301F-11D3-BF4B-00C04F79EFBC}") = "202509041709_Operator5", "..\202509041709_Operator5\202509041709_Operator5.csproj", "{0FEE8934-B2BB-47F7-9F59-40A75DA9F479}"
EndProject
Project("{FAE04EC0-301F-11D3-BF4B-00C04F79EFBC}") = "202509041719_Operator6", "..\202509041719_Operator6\202509041719_Operator6.csproj", "{C65BC536-077D-42CE-9699-257AE8FECF65}"
EndProject
Project("{FAE04EC0-301F-11D3-BF4B-00C04F79EFBC}") = "202509051441", "..\202509051441\202509051441.csproj", "{66C76A2E-92F5-496D-8222-600C491BFA04}"
EndProject
Project("{FAE04EC0-301F-11D3-BF4B-00C04F79EFBC}") = "202509051456_Operator7", "..\202509051456_Operator7\202509051456_Operator7.csproj", "{C5EDCCAC-E6FF-4137-A249-F1FBA47540B5}"
EndProject
Project("{FAE04EC0-301F-11D3-BF4B-00C04F79EFBC}") = "202509051506_Operator_Bit_Complement", "..\202509051506_Operator_Bit_Complement\202509051506_Operator_Bit_Complement.csproj", "{23FE903E-E924-4D78-8660-2B7C990DE222}"
EndProject
Project("{FAE04EC0-301F-11D3-BF4B-00C04F79EFBC}") = "202509051520_Operator_Shift", "..\202509051520_Operator_Shift\202509051520_Operator_Shift.csproj", "{7BD7203B-2CD8-4FD6-ADF1-BDB7F807CC05}"
EndProject
Project("{FAE04EC0-301F-11D3-BF4B-00C04F79EFBC}") = "202509051533_Operator_mask", "..\202509051533_Operator_mask\202509051533_Operator_mask.csproj", "{29AF60A3-4FD0-4BF1-ACC2-242AFC8F77BB}"
EndProject
Project("{FAE04EC0-301F-11D3-BF4B-00C04F79EFBC}") = "202509051544_Operator_light", "..\202509051544_Operator_light\202509051544_Operator_light.csproj", "{21499B8D-AD5F-460E-A01D-1371623425F1}"
EndProject
Project("{FAE04EC0-301F-11D3-BF4B-00C04F79EFBC}") = "202509051600_Operator_Xor", "..\202509051600_Operator_Xor\202509051600_Operator_Xor.csproj", "{F498E69B-5482-4215-A15F-89956FA31E05}"
EndProject
Project("{FAE04EC0-301F-11D3-BF4B-00C04F79EFBC}") = "202509051625_StringNumber", "..\202509051625_StringNumber\202509051625_StringNumber.csproj", "{A49C4D16-375F-4394-A0C5-AF2896C57082}"
EndProject
Project("{FAE04EC0-301F-11D3-BF4B-00C04F79EFBC}") = "202509051635_Signed_unsigned", "..\202509051635_Signed_unsigned\202509051635_Signed_unsigned.csproj", "{38507435-06A7-4CF8-81F5-33828395E768}"
EndProject
Project("{FAE04EC0-301F-11D3-BF4B-00C04F79EFBC}") = "202509051702_ConditionalStatement", "..\202509051702_ConditionalStatement\202509051702_ConditionalStatement.csproj", "{8120112D-826A-4A1E-9F0E-9CF4F2B9DCE5}"
EndProject
Project("{FAE04EC0-301F-11D3-BF4B-00C04F79EFBC}") = "202509051710_Conditional_Statement2", "..\202509051710_Conditional_Statement2\202509051710_Conditional_Statement2.csproj", "{32C05E83-D10B-4125-8DC0-C1C9A4A8FCDF}"
EndProject
Project("{FAE04EC0-301F-11D3-BF4B-00C04F79EFBC}") = "202509081437_Switch_Case", "..\202509081437_Switch_Case\202509081437_Switch_Case.csproj", "{DD7E536A-ABE9-4E97-91BE-54433088C920}"
EndProject
Project("{FAE04EC0-301F-11D3-BF4B-00C04F79EFBC}") = "202509081454_Switch_Case_String", "..\202509081454_Switch_Case_String\202509081454_Switch_Case_String.csproj", "{452E226C-54DC-439A-AC58-9D952E606B44}"
EndProject
Project("{FAE04EC0-301F-11D3-BF4B-00C04F79EFBC}") = "202509081508_Switch_Expression", "..\202509081508_Switch_Expression\202509081508_Switch_Expression.csproj", "{0CA5F74D-FE6D-49F1-9ACB-33C88D92413F}"
EndProject
Project("{FAE04EC0-301F-11D3-BF4B-00C04F79EFBC}") = "202509081527_Switch_Case_DataType", "..\202509081527_Switch_Case_DataType\202509081527_Switch_Case_DataType.csproj", "{A4DFA8E9-C800-4CE5-928C-02AF4105B2E2}"
EndProject
Project("{FAE04EC0-301F-11D3-BF4B-00C04F79EFBC}") = "202509081545_Switch_Case_DataType2", "..\202509081545_Switch_Case_DataType2\202509081545_Switch_Case_DataType2.csproj", "{8C09A96C-31BB-4E81-B77D-16112B54EAF9}"
EndProject
Project("{FAE04EC0-301F-11D3-BF4B-00C04F79EFBC}") = "202509081550_goto", "..\202509081550_goto\202509081550_goto.csproj", "{6089284D-043B-4FCF-94DF-189A6ADD6D36}"
EndProject
Project("{FAE04EC0-301F-11D3-BF4B-00C04F79EFBC}") = "202509081606_for_while", "..\202509081606_for_while\202509081606_for_while.csproj", "{7F8DF632-490D-4133-99EC-FB5D21F0A06A}"
EndProject
Project("{FAE04EC0-301F-11D3-BF4B-00C04F79EFBC}") = "202509081614_Iterative_statement_goto", "..\202509081614_Iterative_statement_goto\202509081614_Iterative_statement_goto.csproj", "{66070C61-3AE1-4CD4-B3D7-9B4E2D753903}"
EndProject
Project("{FAE04EC0-301F-11D3-BF4B-00C04F79EFBC}") = "202509081640_LowHighGame", "..\202509081640_LowHighGame\202509081640_LowHighGame.csproj", "{DCFC5E0F-B7C6-4CC6-8B06-BE480B1A1C4A}"
EndProject
Project("{FAE04EC0-301F-11D3-BF4B-00C04F79EFBC}") = "202509081658_Array", "..\202509081658_Array\202509081658_Array.csproj", "{0B1148EE-81CF-478D-AFD5-71BD2BB6107B}"
EndProject
Project("{FAE04EC0-301F-11D3-BF4B-00C04F79EFBC}") = "202509081721_enCapsulation", "..\202509081721_enCapsulation\202509081721_enCapsulation.csproj", "{48478CFC-CE6A-4396-84A8-EE0183EEA945}"
EndProject
Global
	GlobalSection(SolutionConfigurationPlatforms) = preSolution
		Debug|Any CPU = Debug|Any CPU
		Release|Any CPU = Release|Any CPU
	EndGlobalSection
	GlobalSection(ProjectConfigurationPlatforms) = postSolution
		{A30DCB7E-A0BC-40E5-A593-27796F87F037}.Debug|Any CPU.ActiveCfg = Debug|Any CPU
		{A30DCB7E-A0BC-40E5-A593-27796F87F037}.Debug|Any CPU.Build.0 = Debug|Any CPU
		{A30DCB7E-A0BC-40E5-A593-27796F87F037}.Release|Any CPU.ActiveCfg = Release|Any CPU
		{A30DCB7E-A0BC-40E5-A593-27796F87F037}.Release|Any CPU.Build.0 = Release|Any CPU
		{56A65704-7F54-4964-847F-F0B25B7DF276}.Debug|Any CPU.ActiveCfg = Debug|Any CPU
		{56A65704-7F54-4964-847F-F0B25B7DF276}.Debug|Any CPU.Build.0 = Debug|Any CPU
		{56A65704-7F54-4964-847F-F0B25B7DF276}.Release|Any CPU.ActiveCfg = Release|Any CPU
		{56A65704-7F54-4964-847F-F0B25B7DF276}.Release|Any CPU.Build.0 = Release|Any CPU
		{33429F9D-C517-4F21-B3AE-F4213799931A}.Debug|Any CPU.ActiveCfg = Debug|Any CPU
		{33429F9D-C517-4F21-B3AE-F4213799931A}.Debug|Any CPU.Build.0 = Debug|Any CPU
		{33429F9D-C517-4F21-B3AE-F4213799931A}.Release|Any CPU.ActiveCfg = Release|Any CPU
		{33429F9D-C517-4F21-B3AE-F4213799931A}.Release|Any CPU.Build.0 = Release|Any CPU
		{668120DD-2C92-4678-B9CF-12CBA8EAA774}.Debug|Any CPU.ActiveCfg = Debug|Any CPU
		{668120DD-2C92-4678-B9CF-12CBA8EAA774}.Debug|Any CPU.Build.0 = Debug|Any CPU
		{668120DD-2C92-4678-B9CF-12CBA8EAA774}.Release|Any CPU.ActiveCfg = Release|Any CPU
		{668120DD-2C92-4678-B9CF-12CBA8EAA774}.Release|Any CPU.Build.0 = Release|Any CPU
		{02B5115F-F2B5-4A2F-8802-04E916562D62}.Debug|Any CPU.ActiveCfg = Debug|Any CPU
		{02B5115F-F2B5-4A2F-8802-04E916562D62}.Debug|Any CPU.Build.0 = Debug|Any CPU
		{02B5115F-F2B5-4A2F-8802-04E916562D62}.Release|Any CPU.ActiveCfg = Release|Any CPU
		{02B5115F-F2B5-4A2F-8802-04E916562D62}.Release|Any CPU.Build.0 = Release|Any CPU
		{40202797-3750-4339-B8B8-2F73A68C623E}.Debug|Any CPU.ActiveCfg = Debug|Any CPU
		{40202797-3750-4339-B8B8-2F73A68C623E}.Debug|Any CPU.Build.0 = Debug|Any CPU
		{40202797-3750-4339-B8B8-2F73A68C623E}.Release|Any CPU.ActiveCfg = Release|Any CPU
		{40202797-3750-4339-B8B8-2F73A68C623E}.Release|Any CPU.Build.0 = Release|Any CPU
		{1385B8AB-6824-4E96-9CAA-D96BD913CEF5}.Debug|Any CPU.ActiveCfg = Debug|Any CPU
		{1385B8AB-6824-4E96-9CAA-D96BD913CEF5}.Debug|Any CPU.Build.0 = Debug|Any CPU
		{1385B8AB-6824-4E96-9CAA-D96BD913CEF5}.Release|Any CPU.ActiveCfg = Release|Any CPU
		{1385B8AB-6824-4E96-9CAA-D96BD913CEF5}.Release|Any CPU.Build.0 = Release|Any CPU
		{B9EE2EB6-A725-4176-BF55-629B02865815}.Debug|Any CPU.ActiveCfg = Debug|Any CPU
		{B9EE2EB6-A725-4176-BF55-629B02865815}.Debug|Any CPU.Build.0 = Debug|Any CPU
		{B9EE2EB6-A725-4176-BF55-629B02865815}.Release|Any CPU.ActiveCfg = Release|Any CPU
		{B9EE2EB6-A725-4176-BF55-629B02865815}.Release|Any CPU.Build.0 = Release|Any CPU
		{0FEE8934-B2BB-47F7-9F59-40A75DA9F479}.Debug|Any CPU.ActiveCfg = Debug|Any CPU
		{0FEE8934-B2BB-47F7-9F59-40A75DA9F479}.Debug|Any CPU.Build.0 = Debug|Any CPU
		{0FEE8934-B2BB-47F7-9F59-40A75DA9F479}.Release|Any CPU.ActiveCfg = Release|Any CPU
		{0FEE8934-B2BB-47F7-9F59-40A75DA9F479}.Release|Any CPU.Build.0 = Release|Any CPU
		{C65BC536-077D-42CE-9699-257AE8FECF65}.Debug|Any CPU.ActiveCfg = Debug|Any CPU
		{C65BC536-077D-42CE-9699-257AE8FECF65}.Debug|Any CPU.Build.0 = Debug|Any CPU
		{C65BC536-077D-42CE-9699-257AE8FECF65}.Release|Any CPU.ActiveCfg = Release|Any CPU
		{C65BC536-077D-42CE-9699-257AE8FECF65}.Release|Any CPU.Build.0 = Release|Any CPU
		{66C76A2E-92F5-496D-8222-600C491BFA04}.Debug|Any CPU.ActiveCfg = Debug|Any CPU
		{66C76A2E-92F5-496D-8222-600C491BFA04}.Debug|Any CPU.Build.0 = Debug|Any CPU
		{66C76A2E-92F5-496D-8222-600C491BFA04}.Release|Any CPU.ActiveCfg = Release|Any CPU
		{66C76A2E-92F5-496D-8222-600C491BFA04}.Release|Any CPU.Build.0 = Release|Any CPU
		{C5EDCCAC-E6FF-4137-A249-F1FBA47540B5}.Debug|Any CPU.ActiveCfg = Debug|Any CPU
		{C5EDCCAC-E6FF-4137-A249-F1FBA47540B5}.Debug|Any CPU.Build.0 = Debug|Any CPU
		{C5EDCCAC-E6FF-4137-A249-F1FBA47540B5}.Release|Any CPU.ActiveCfg = Release|Any CPU
		{C5EDCCAC-E6FF-4137-A249-F1FBA47540B5}.Release|Any CPU.Build.0 = Release|Any CPU
		{23FE903E-E924-4D78-8660-2B7C990DE222}.Debug|Any CPU.ActiveCfg = Debug|Any CPU
		{23FE903E-E924-4D78-8660-2B7C990DE222}.Debug|Any CPU.Build.0 = Debug|Any CPU
		{23FE903E-E924-4D78-8660-2B7C990DE222}.Release|Any CPU.ActiveCfg = Release|Any CPU
		{23FE903E-E924-4D78-8660-2B7C990DE222}.Release|Any CPU.Build.0 = Release|Any CPU
		{7BD7203B-2CD8-4FD6-ADF1-BDB7F807CC05}.Debug|Any CPU.ActiveCfg = Debug|Any CPU
		{7BD7203B-2CD8-4FD6-ADF1-BDB7F807CC05}.Debug|Any CPU.Build.0 = Debug|Any CPU
		{7BD7203B-2CD8-4FD6-ADF1-BDB7F807CC05}.Release|Any CPU.ActiveCfg = Release|Any CPU
		{7BD7203B-2CD8-4FD6-ADF1-BDB7F807CC05}.Release|Any CPU.Build.0 = Release|Any CPU
		{29AF60A3-4FD0-4BF1-ACC2-242AFC8F77BB}.Debug|Any CPU.ActiveCfg = Debug|Any CPU
		{29AF60A3-4FD0-4BF1-ACC2-242AFC8F77BB}.Debug|Any CPU.Build.0 = Debug|Any CPU
		{29AF60A3-4FD0-4BF1-ACC2-242AFC8F77BB}.Release|Any CPU.ActiveCfg = Release|Any CPU
		{29AF60A3-4FD0-4BF1-ACC2-242AFC8F77BB}.Release|Any CPU.Build.0 = Release|Any CPU
		{21499B8D-AD5F-460E-A01D-1371623425F1}.Debug|Any CPU.ActiveCfg = Debug|Any CPU
		{21499B8D-AD5F-460E-A01D-1371623425F1}.Debug|Any CPU.Build.0 = Debug|Any CPU
		{21499B8D-AD5F-460E-A01D-1371623425F1}.Release|Any CPU.ActiveCfg = Release|Any CPU
		{21499B8D-AD5F-460E-A01D-1371623425F1}.Release|Any CPU.Build.0 = Release|Any CPU
		{F498E69B-5482-4215-A15F-89956FA31E05}.Debug|Any CPU.ActiveCfg = Debug|Any CPU
		{F498E69B-5482-4215-A15F-89956FA31E05}.Debug|Any CPU.Build.0 = Debug|Any CPU
		{F498E69B-5482-4215-A15F-89956FA31E05}.Release|Any CPU.ActiveCfg = Release|Any CPU
		{F498E69B-5482-4215-A15F-89956FA31E05}.Release|Any CPU.Build.0 = Release|Any CPU
		{A49C4D16-375F-4394-A0C5-AF2896C57082}.Debug|Any CPU.ActiveCfg = Debug|Any CPU
		{A49C4D16-375F-4394-A0C5-AF2896C57082}.Debug|Any CPU.Build.0 = Debug|Any CPU
		{A49C4D16-375F-4394-A0C5-AF2896C57082}.Release|Any CPU.ActiveCfg = Release|Any CPU
		{A49C4D16-375F-4394-A0C5-AF2896C57082}.Release|Any CPU.Build.0 = Release|Any CPU
		{38507435-06A7-4CF8-81F5-33828395E768}.Debug|Any CPU.ActiveCfg = Debug|Any CPU
		{38507435-06A7-4CF8-81F5-33828395E768}.Debug|Any CPU.Build.0 = Debug|Any CPU
		{38507435-06A7-4CF8-81F5-33828395E768}.Release|Any CPU.ActiveCfg = Release|Any CPU
		{38507435-06A7-4CF8-81F5-33828395E768}.Release|Any CPU.Build.0 = Release|Any CPU
		{8120112D-826A-4A1E-9F0E-9CF4F2B9DCE5}.Debug|Any CPU.ActiveCfg = Debug|Any CPU
		{8120112D-826A-4A1E-9F0E-9CF4F2B9DCE5}.Debug|Any CPU.Build.0 = Debug|Any CPU
		{8120112D-826A-4A1E-9F0E-9CF4F2B9DCE5}.Release|Any CPU.ActiveCfg = Release|Any CPU
		{8120112D-826A-4A1E-9F0E-9CF4F2B9DCE5}.Release|Any CPU.Build.0 = Release|Any CPU
		{32C05E83-D10B-4125-8DC0-C1C9A4A8FCDF}.Debug|Any CPU.ActiveCfg = Debug|Any CPU
		{32C05E83-D10B-4125-8DC0-C1C9A4A8FCDF}.Debug|Any CPU.Build.0 = Debug|Any CPU
		{32C05E83-D10B-4125-8DC0-C1C9A4A8FCDF}.Release|Any CPU.ActiveCfg = Release|Any CPU
		{32C05E83-D10B-4125-8DC0-C1C9A4A8FCDF}.Release|Any CPU.Build.0 = Release|Any CPU
		{DD7E536A-ABE9-4E97-91BE-54433088C920}.Debug|Any CPU.ActiveCfg = Debug|Any CPU
		{DD7E536A-ABE9-4E97-91BE-54433088C920}.Debug|Any CPU.Build.0 = Debug|Any CPU
		{DD7E536A-ABE9-4E97-91BE-54433088C920}.Release|Any CPU.ActiveCfg = Release|Any CPU
		{DD7E536A-ABE9-4E97-91BE-54433088C920}.Release|Any CPU.Build.0 = Release|Any CPU
		{452E226C-54DC-439A-AC58-9D952E606B44}.Debug|Any CPU.ActiveCfg = Debug|Any CPU
		{452E226C-54DC-439A-AC58-9D952E606B44}.Debug|Any CPU.Build.0 = Debug|Any CPU
		{452E226C-54DC-439A-AC58-9D952E606B44}.Release|Any CPU.ActiveCfg = Release|Any CPU
		{452E226C-54DC-439A-AC58-9D952E606B44}.Release|Any CPU.Build.0 = Release|Any CPU
		{0CA5F74D-FE6D-49F1-9ACB-33C88D92413F}.Debug|Any CPU.ActiveCfg = Debug|Any CPU
		{0CA5F74D-FE6D-49F1-9ACB-33C88D92413F}.Debug|Any CPU.Build.0 = Debug|Any CPU
		{0CA5F74D-FE6D-49F1-9ACB-33C88D92413F}.Release|Any CPU.ActiveCfg = Release|Any CPU
		{0CA5F74D-FE6D-49F1-9ACB-33C88D92413F}.Release|Any CPU.Build.0 = Release|Any CPU
		{A4DFA8E9-C800-4CE5-928C-02AF4105B2E2}.Debug|Any CPU.ActiveCfg = Debug|Any CPU
		{A4DFA8E9-C800-4CE5-928C-02AF4105B2E2}.Debug|Any CPU.Build.0 = Debug|Any CPU
		{A4DFA8E9-C800-4CE5-928C-02AF4105B2E2}.Release|Any CPU.ActiveCfg = Release|Any CPU
		{A4DFA8E9-C800-4CE5-928C-02AF4105B2E2}.Release|Any CPU.Build.0 = Release|Any CPU
		{8C09A96C-31BB-4E81-B77D-16112B54EAF9}.Debug|Any CPU.ActiveCfg = Debug|Any CPU
		{8C09A96C-31BB-4E81-B77D-16112B54EAF9}.Debug|Any CPU.Build.0 = Debug|Any CPU
		{8C09A96C-31BB-4E81-B77D-16112B54EAF9}.Release|Any CPU.ActiveCfg = Release|Any CPU
		{8C09A96C-31BB-4E81-B77D-16112B54EAF9}.Release|Any CPU.Build.0 = Release|Any CPU
		{6089284D-043B-4FCF-94DF-189A6ADD6D36}.Debug|Any CPU.ActiveCfg = Debug|Any CPU
		{6089284D-043B-4FCF-94DF-189A6ADD6D36}.Debug|Any CPU.Build.0 = Debug|Any CPU
		{6089284D-043B-4FCF-94DF-189A6ADD6D36}.Release|Any CPU.ActiveCfg = Release|Any CPU
		{6089284D-043B-4FCF-94DF-189A6ADD6D36}.Release|Any CPU.Build.0 = Release|Any CPU
		{7F8DF632-490D-4133-99EC-FB5D21F0A06A}.Debug|Any CPU.ActiveCfg = Debug|Any CPU
		{7F8DF632-490D-4133-99EC-FB5D21F0A06A}.Debug|Any CPU.Build.0 = Debug|Any CPU
		{7F8DF632-490D-4133-99EC-FB5D21F0A06A}.Release|Any CPU.ActiveCfg = Release|Any CPU
		{7F8DF632-490D-4133-99EC-FB5D21F0A06A}.Release|Any CPU.Build.0 = Release|Any CPU
		{66070C61-3AE1-4CD4-B3D7-9B4E2D753903}.Debug|Any CPU.ActiveCfg = Debug|Any CPU
		{66070C61-3AE1-4CD4-B3D7-9B4E2D753903}.Debug|Any CPU.Build.0 = Debug|Any CPU
		{66070C61-3AE1-4CD4-B3D7-9B4E2D753903}.Release|Any CPU.ActiveCfg = Release|Any CPU
		{66070C61-3AE1-4CD4-B3D7-9B4E2D753903}.Release|Any CPU.Build.0 = Release|Any CPU
		{DCFC5E0F-B7C6-4CC6-8B06-BE480B1A1C4A}.Debug|Any CPU.ActiveCfg = Debug|Any CPU
		{DCFC5E0F-B7C6-4CC6-8B06-BE480B1A1C4A}.Debug|Any CPU.Build.0 = Debug|Any CPU
		{DCFC5E0F-B7C6-4CC6-8B06-BE480B1A1C4A}.Release|Any CPU.ActiveCfg = Release|Any CPU
		{DCFC5E0F-B7C6-4CC6-8B06-BE480B1A1C4A}.Release|Any CPU.Build.0 = Release|Any CPU
		{0B1148EE-81CF-478D-AFD5-71BD2BB6107B}.Debug|Any CPU.ActiveCfg = Debug|Any CPU
		{0B1148EE-81CF-478D-AFD5-71BD2BB6107B}.Debug|Any CPU.Build.0 = Debug|Any CPU
		{0B1148EE-81CF-478D-AFD5-71BD2BB6107B}.Release|Any CPU.ActiveCfg = Release|Any CPU
		{0B1148EE-81CF-478D-AFD5-71BD2BB6107B}.Release|Any CPU.Build.0 = Release|Any CPU
		{48478CFC-CE6A-4396-84A8-EE0183EEA945}.Debug|Any CPU.ActiveCfg = Debug|Any CPU
		{48478CFC-CE6A-4396-84A8-EE0183EEA945}.Debug|Any CPU.Build.0 = Debug|Any CPU
		{48478CFC-CE6A-4396-84A8-EE0183EEA945}.Release|Any CPU.ActiveCfg = Release|Any CPU
		{48478CFC-CE6A-4396-84A8-EE0183EEA945}.Release|Any CPU.Build.0 = Release|Any CPU
	EndGlobalSection
	GlobalSection(SolutionProperties) = preSolution
		HideSolutionNode = FALSE
	EndGlobalSection
	GlobalSection(ExtensibilityGlobals) = postSolution
		SolutionGuid = {7D690145-E5E2-4844-B6E4-038913CC7DB8}
	EndGlobalSection
EndGlobal
